// !$*UTF8*$!
{
	archiveVersion = 1;
	classes = {
	};
	objectVersion = 50;
	objects = {

/* Begin PBXBuildFile section */
		8E74153722017B58001CAFB2 /* AppDelegate.swift in Sources */ = {isa = PBXBuildFile; fileRef = 8E74153622017B58001CAFB2 /* AppDelegate.swift */; };
		8E74153922017B58001CAFB2 /* SwipingController.swift in Sources */ = {isa = PBXBuildFile; fileRef = 8E74153822017B58001CAFB2 /* SwipingController.swift */; };
		8E74153C22017B58001CAFB2 /* Main.storyboard in Resources */ = {isa = PBXBuildFile; fileRef = 8E74153A22017B58001CAFB2 /* Main.storyboard */; };
		8E74153E22017B59001CAFB2 /* Assets.xcassets in Resources */ = {isa = PBXBuildFile; fileRef = 8E74153D22017B59001CAFB2 /* Assets.xcassets */; };
		8E74154122017B59001CAFB2 /* LaunchScreen.storyboard in Resources */ = {isa = PBXBuildFile; fileRef = 8E74153F22017B59001CAFB2 /* LaunchScreen.storyboard */; };
		8E7415492201B3EC001CAFB2 /* Extensions+UIView.swift in Sources */ = {isa = PBXBuildFile; fileRef = 8E7415482201B3EC001CAFB2 /* Extensions+UIView.swift */; };
		8E74154B2201B85D001CAFB2 /* MenuController.swift in Sources */ = {isa = PBXBuildFile; fileRef = 8E74154A2201B85D001CAFB2 /* MenuController.swift */; };
		8E74154E2201D162001CAFB2 /* MenuCell.swift in Sources */ = {isa = PBXBuildFile; fileRef = 8E74154D2201D162001CAFB2 /* MenuCell.swift */; };
		8E7415512201D4E6001CAFB2 /* MainCell.swift in Sources */ = {isa = PBXBuildFile; fileRef = 8E7415502201D4E6001CAFB2 /* MainCell.swift */; };
		8E7415532201F2AB001CAFB2 /* NewsController.swift in Sources */ = {isa = PBXBuildFile; fileRef = 8E7415522201F2AB001CAFB2 /* NewsController.swift */; };
/* End PBXBuildFile section */

/* Begin PBXFileReference section */
		8E74153322017B58001CAFB2 /* ytb_SwipingPage.app */ = {isa = PBXFileReference; explicitFileType = wrapper.application; includeInIndex = 0; path = ytb_SwipingPage.app; sourceTree = BUILT_PRODUCTS_DIR; };
		8E74153622017B58001CAFB2 /* AppDelegate.swift */ = {isa = PBXFileReference; lastKnownFileType = sourcecode.swift; path = AppDelegate.swift; sourceTree = "<group>"; };
		8E74153822017B58001CAFB2 /* SwipingController.swift */ = {isa = PBXFileReference; lastKnownFileType = sourcecode.swift; path = SwipingController.swift; sourceTree = "<group>"; };
		8E74153B22017B58001CAFB2 /* Base */ = {isa = PBXFileReference; lastKnownFileType = file.storyboard; name = Base; path = Base.lproj/Main.storyboard; sourceTree = "<group>"; };
		8E74153D22017B59001CAFB2 /* Assets.xcassets */ = {isa = PBXFileReference; lastKnownFileType = folder.assetcatalog; path = Assets.xcassets; sourceTree = "<group>"; };
		8E74154022017B59001CAFB2 /* Base */ = {isa = PBXFileReference; lastKnownFileType = file.storyboard; name = Base; path = Base.lproj/LaunchScreen.storyboard; sourceTree = "<group>"; };
		8E74154222017B59001CAFB2 /* Info.plist */ = {isa = PBXFileReference; lastKnownFileType = text.plist.xml; path = Info.plist; sourceTree = "<group>"; };
		8E7415482201B3EC001CAFB2 /* Extensions+UIView.swift */ = {isa = PBXFileReference; fileEncoding = 4; lastKnownFileType = sourcecode.swift; path = "Extensions+UIView.swift"; sourceTree = "<group>"; };
		8E74154A2201B85D001CAFB2 /* MenuController.swift */ = {isa = PBXFileReference; lastKnownFileType = sourcecode.swift; path = MenuController.swift; sourceTree = "<group>"; };
		8E74154D2201D162001CAFB2 /* MenuCell.swift */ = {isa = PBXFileReference; lastKnownFileType = sourcecode.swift; path = MenuCell.swift; sourceTree = "<group>"; };
		8E7415502201D4E6001CAFB2 /* MainCell.swift */ = {isa = PBXFileReference; lastKnownFileType = sourcecode.swift; path = MainCell.swift; sourceTree = "<group>"; };
		8E7415522201F2AB001CAFB2 /* NewsController.swift */ = {isa = PBXFileReference; lastKnownFileType = sourcecode.swift; path = NewsController.swift; sourceTree = "<group>"; };
/* End PBXFileReference section */

/* Begin PBXFrameworksBuildPhase section */
		8E74153022017B58001CAFB2 /* Frameworks */ = {
			isa = PBXFrameworksBuildPhase;
			buildActionMask = 2147483647;
			files = (
			);
			runOnlyForDeploymentPostprocessing = 0;
		};
/* End PBXFrameworksBuildPhase section */

/* Begin PBXGroup section */
		8E74152A22017B58001CAFB2 = {
			isa = PBXGroup;
			children = (
				8E74153522017B58001CAFB2 /* ytb_SwipingPage */,
				8E74153422017B58001CAFB2 /* Products */,
			);
			sourceTree = "<group>";
		};
		8E74153422017B58001CAFB2 /* Products */ = {
			isa = PBXGroup;
			children = (
				8E74153322017B58001CAFB2 /* ytb_SwipingPage.app */,
			);
			name = Products;
			sourceTree = "<group>";
		};
		8E74153522017B58001CAFB2 /* ytb_SwipingPage */ = {
			isa = PBXGroup;
			children = (
				8E74154F2201D4B5001CAFB2 /* Main */,
				8E74154C2201D143001CAFB2 /* Menu */,
				8E74153622017B58001CAFB2 /* AppDelegate.swift */,
				8E7415482201B3EC001CAFB2 /* Extensions+UIView.swift */,
				8E74153A22017B58001CAFB2 /* Main.storyboard */,
				8E74153D22017B59001CAFB2 /* Assets.xcassets */,
				8E74153F22017B59001CAFB2 /* LaunchScreen.storyboard */,
				8E74154222017B59001CAFB2 /* Info.plist */,
			);
			path = ytb_SwipingPage;
			sourceTree = "<group>";
		};
		8E74154C2201D143001CAFB2 /* Menu */ = {
			isa = PBXGroup;
			children = (
				8E74154D2201D162001CAFB2 /* MenuCell.swift */,
				8E74154A2201B85D001CAFB2 /* MenuController.swift */,
			);
			path = Menu;
			sourceTree = "<group>";
		};
		8E74154F2201D4B5001CAFB2 /* Main */ = {
			isa = PBXGroup;
			children = (
				8E74153822017B58001CAFB2 /* SwipingController.swift */,
				8E7415502201D4E6001CAFB2 /* MainCell.swift */,
				8E7415522201F2AB001CAFB2 /* NewsController.swift */,
			);
			path = Main;
			sourceTree = "<group>";
		};
/* End PBXGroup section */

/* Begin PBXNativeTarget section */
		8E74153222017B58001CAFB2 /* ytb_SwipingPage */ = {
			isa = PBXNativeTarget;
			buildConfigurationList = 8E74154522017B59001CAFB2 /* Build configuration list for PBXNativeTarget "ytb_SwipingPage" */;
			buildPhases = (
				8E74152F22017B58001CAFB2 /* Sources */,
				8E74153022017B58001CAFB2 /* Frameworks */,
				8E74153122017B58001CAFB2 /* Resources */,
			);
			buildRules = (
			);
			dependencies = (
			);
			name = ytb_SwipingPage;
			productName = ytb_SwipingPageProject;
			productReference = 8E74153322017B58001CAFB2 /* ytb_SwipingPage.app */;
			productType = "com.apple.product-type.application";
		};
/* End PBXNativeTarget section */

/* Begin PBXProject section */
		8E74152B22017B58001CAFB2 /* Project object */ = {
			isa = PBXProject;
			attributes = {
				LastSwiftUpdateCheck = 1010;
				LastUpgradeCheck = 1010;
				ORGANIZATIONNAME = pm;
				TargetAttributes = {
					8E74153222017B58001CAFB2 = {
						CreatedOnToolsVersion = 10.1;
					};
				};
			};
			buildConfigurationList = 8E74152E22017B58001CAFB2 /* Build configuration list for PBXProject "ytb_SwipingPage" */;
			compatibilityVersion = "Xcode 9.3";
			developmentRegion = en;
			hasScannedForEncodings = 0;
			knownRegions = (
				en,
				Base,
			);
			mainGroup = 8E74152A22017B58001CAFB2;
			productRefGroup = 8E74153422017B58001CAFB2 /* Products */;
			projectDirPath = "";
			projectRoot = "";
			targets = (
				8E74153222017B58001CAFB2 /* ytb_SwipingPage */,
			);
		};
/* End PBXProject section */

/* Begin PBXResourcesBuildPhase section */
		8E74153122017B58001CAFB2 /* Resources */ = {
			isa = PBXResourcesBuildPhase;
			buildActionMask = 2147483647;
			files = (
				8E74154122017B59001CAFB2 /* LaunchScreen.storyboard in Resources */,
				8E74153E22017B59001CAFB2 /* Assets.xcassets in Resources */,
				8E74153C22017B58001CAFB2 /* Main.storyboard in Resources */,
			);
			runOnlyForDeploymentPostprocessing = 0;
		};
/* End PBXResourcesBuildPhase section */

/* Begin PBXSourcesBuildPhase section */
		8E74152F22017B58001CAFB2 /* Sources */ = {
			isa = PBXSourcesBuildPhase;
			buildActionMask = 2147483647;
			files = (
				8E74154B2201B85D001CAFB2 /* MenuController.swift in Sources */,
				8E74154E2201D162001CAFB2 /* MenuCell.swift in Sources */,
				8E7415512201D4E6001CAFB2 /* MainCell.swift in Sources */,
				8E7415532201F2AB001CAFB2 /* NewsController.swift in Sources */,
				8E74153922017B58001CAFB2 /* SwipingController.swift in Sources */,
				8E74153722017B58001CAFB2 /* AppDelegate.swift in Sources */,
				8E7415492201B3EC001CAFB2 /* Extensions+UIView.swift in Sources */,
			);
			runOnlyForDeploymentPostprocessing = 0;
		};
/* End PBXSourcesBuildPhase section */

/* Begin PBXVariantGroup section */
		8E74153A22017B58001CAFB2 /* Main.storyboard */ = {
			isa = PBXVariantGroup;
			children = (
				8E74153B22017B58001CAFB2 /* Base */,
			);
			name = Main.storyboard;
			sourceTree = "<group>";
		};
		8E74153F22017B59001CAFB2 /* LaunchScreen.storyboard */ = {
			isa = PBXVariantGroup;
			children = (
				8E74154022017B59001CAFB2 /* Base */,
			);
			name = LaunchScreen.storyboard;
			sourceTree = "<group>";
		};
/* End PBXVariantGroup section */

/* Begin XCBuildConfiguration section */
		8E74154322017B59001CAFB2 /* Debug */ = {
			isa = XCBuildConfiguration;
			buildSettings = {
				ALWAYS_SEARCH_USER_PATHS = NO;
				CLANG_ANALYZER_NONNULL = YES;
				CLANG_ANALYZER_NUMBER_OBJECT_CONVERSION = YES_AGGRESSIVE;
				CLANG_CXX_LANGUAGE_STANDARD = "gnu++14";
				CLANG_CXX_LIBRARY = "libc++";
				CLANG_ENABLE_MODULES = YES;
				CLANG_ENABLE_OBJC_ARC = YES;
				CLANG_ENABLE_OBJC_WEAK = YES;
				CLANG_WARN_BLOCK_CAPTURE_AUTORELEASING = YES;
				CLANG_WARN_BOOL_CONVERSION = YES;
				CLANG_WARN_COMMA = YES;
				CLANG_WARN_CONSTANT_CONVERSION = YES;
				CLANG_WARN_DEPRECATED_OBJC_IMPLEMENTATIONS = YES;
				CLANG_WARN_DIRECT_OBJC_ISA_USAGE = YES_ERROR;
				CLANG_WARN_DOCUMENTATION_COMMENTS = YES;
				CLANG_WARN_EMPTY_BODY = YES;
				CLANG_WARN_ENUM_CONVERSION = YES;
				CLANG_WARN_INFINITE_RECURSION = YES;
				CLANG_WARN_INT_CONVERSION = YES;
				CLANG_WARN_NON_LITERAL_NULL_CONVERSION = YES;
				CLANG_WARN_OBJC_IMPLICIT_RETAIN_SELF = YES;
				CLANG_WARN_OBJC_LITERAL_CONVERSION = YES;
				CLANG_WARN_OBJC_ROOT_CLASS = YES_ERROR;
				CLANG_WARN_RANGE_LOOP_ANALYSIS = YES;
				CLANG_WARN_STRICT_PROTOTYPES = YES;
				CLANG_WARN_SUSPICIOUS_MOVE = YES;
				CLANG_WARN_UNGUARDED_AVAILABILITY = YES_AGGRESSIVE;
				CLANG_WARN_UNREACHABLE_CODE = YES;
				CLANG_WARN__DUPLICATE_METHOD_MATCH = YES;
				CODE_SIGN_IDENTITY = "iPhone Developer";
				COPY_PHASE_STRIP = NO;
				DEBUG_INFORMATION_FORMAT = dwarf;
				ENABLE_STRICT_OBJC_MSGSEND = YES;
				ENABLE_TESTABILITY = YES;
				GCC_C_LANGUAGE_STANDARD = gnu11;
				GCC_DYNAMIC_NO_PIC = NO;
				GCC_NO_COMMON_BLOCKS = YES;
				GCC_OPTIMIZATION_LEVEL = 0;
				GCC_PREPROCESSOR_DEFINITIONS = (
					"DEBUG=1",
					"$(inherited)",
				);
				GCC_WARN_64_TO_32_BIT_CONVERSION = YES;
				GCC_WARN_ABOUT_RETURN_TYPE = YES_ERROR;
				GCC_WARN_UNDECLARED_SELECTOR = YES;
				GCC_WARN_UNINITIALIZED_AUTOS = YES_AGGRESSIVE;
				GCC_WARN_UNUSED_FUNCTION = YES;
				GCC_WARN_UNUSED_VARIABLE = YES;
				IPHONEOS_DEPLOYMENT_TARGET = 12.1;
				MTL_ENABLE_DEBUG_INFO = INCLUDE_SOURCE;
				MTL_FAST_MATH = YES;
				ONLY_ACTIVE_ARCH = YES;
				SDKROOT = iphoneos;
				SWIFT_ACTIVE_COMPILATION_CONDITIONS = DEBUG;
				SWIFT_OPTIMIZATION_LEVEL = "-Onone";
			};
			name = Debug;
		};
		8E74154422017B59001CAFB2 /* Release */ = {
			isa = XCBuildConfiguration;
			buildSettings = {
				ALWAYS_SEARCH_USER_PATHS = NO;
				CLANG_ANALYZER_NONNULL = YES;
				CLANG_ANALYZER_NUMBER_OBJECT_CONVERSION = YES_AGGRESSIVE;
				CLANG_CXX_LANGUAGE_STANDARD = "gnu++14";
				CLANG_CXX_LIBRARY = "libc++";
				CLANG_ENABLE_MODULES = YES;
				CLANG_ENABLE_OBJC_ARC = YES;
				CLANG_ENABLE_OBJC_WEAK = YES;
				CLANG_WARN_BLOCK_CAPTURE_AUTORELEASING = YES;
				CLANG_WARN_BOOL_CONVERSION = YES;
				CLANG_WARN_COMMA = YES;
				CLANG_WARN_CONSTANT_CONVERSION = YES;
				CLANG_WARN_DEPRECATED_OBJC_IMPLEMENTATIONS = YES;
				CLANG_WARN_DIRECT_OBJC_ISA_USAGE = YES_ERROR;
				CLANG_WARN_DOCUMENTATION_COMMENTS = YES;
				CLANG_WARN_EMPTY_BODY = YES;
				CLANG_WARN_ENUM_CONVERSION = YES;
				CLANG_WARN_INFINITE_RECURSION = YES;
				CLANG_WARN_INT_CONVERSION = YES;
				CLANG_WARN_NON_LITERAL_NULL_CONVERSION = YES;
				CLANG_WARN_OBJC_IMPLICIT_RETAIN_SELF = YES;
				CLANG_WARN_OBJC_LITERAL_CONVERSION = YES;
				CLANG_WARN_OBJC_ROOT_CLASS = YES_ERROR;
				CLANG_WARN_RANGE_LOOP_ANALYSIS = YES;
				CLANG_WARN_STRICT_PROTOTYPES = YES;
				CLANG_WARN_SUSPICIOUS_MOVE = YES;
				CLANG_WARN_UNGUARDED_AVAILABILITY = YES_AGGRESSIVE;
				CLANG_WARN_UNREACHABLE_CODE = YES;
				CLANG_WARN__DUPLICATE_METHOD_MATCH = YES;
				CODE_SIGN_IDENTITY = "iPhone Developer";
				COPY_PHASE_STRIP = NO;
				DEBUG_INFORMATION_FORMAT = "dwarf-with-dsym";
				ENABLE_NS_ASSERTIONS = NO;
				ENABLE_STRICT_OBJC_MSGSEND = YES;
				GCC_C_LANGUAGE_STANDARD = gnu11;
				GCC_NO_COMMON_BLOCKS = YES;
				GCC_WARN_64_TO_32_BIT_CONVERSION = YES;
				GCC_WARN_ABOUT_RETURN_TYPE = YES_ERROR;
				GCC_WARN_UNDECLARED_SELECTOR = YES;
				GCC_WARN_UNINITIALIZED_AUTOS = YES_AGGRESSIVE;
				GCC_WARN_UNUSED_FUNCTION = YES;
				GCC_WARN_UNUSED_VARIABLE = YES;
				IPHONEOS_DEPLOYMENT_TARGET = 12.1;
				MTL_ENABLE_DEBUG_INFO = NO;
				MTL_FAST_MATH = YES;
				SDKROOT = iphoneos;
				SWIFT_COMPILATION_MODE = wholemodule;
				SWIFT_OPTIMIZATION_LEVEL = "-O";
				VALIDATE_PRODUCT = YES;
			};
			name = Release;
		};
		8E74154622017B59001CAFB2 /* Debug */ = {
			isa = XCBuildConfiguration;
			buildSettings = {
				ASSETCATALOG_COMPILER_APPICON_NAME = AppIcon;
				CODE_SIGN_STYLE = Automatic;
				DEVELOPMENT_TEAM = MW7T7K7N92;
				INFOPLIST_FILE = "$(SRCROOT)/ytb_SwipingPage/Info.plist";
				LD_RUNPATH_SEARCH_PATHS = (
					"$(inherited)",
					"@executable_path/Frameworks",
				);
				PRODUCT_BUNDLE_IDENTIFIER = "com.yongzhan.ytb-SwipingPage";
				PRODUCT_NAME = "$(TARGET_NAME)";
				SWIFT_VERSION = 4.2;
				TARGETED_DEVICE_FAMILY = "1,2";
			};
			name = Debug;
		};
		8E74154722017B59001CAFB2 /* Release */ = {
			isa = XCBuildConfiguration;
			buildSettings = {
				ASSETCATALOG_COMPILER_APPICON_NAME = AppIcon;
				CODE_SIGN_STYLE = Automatic;
				DEVELOPMENT_TEAM = MW7T7K7N92;
				INFOPLIST_FILE = "$(SRCROOT)/ytb_SwipingPage/Info.plist";
				LD_RUNPATH_SEARCH_PATHS = (
					"$(inherited)",
					"@executable_path/Frameworks",
				);
				PRODUCT_BUNDLE_IDENTIFIER = "com.yongzhan.ytb-SwipingPage";
				PRODUCT_NAME = "$(TARGET_NAME)";
				SWIFT_VERSION = 4.2;
				TARGETED_DEVICE_FAMILY = "1,2";
			};
			name = Release;
		};
/* End XCBuildConfiguration section */

/* Begin XCConfigurationList section */
		8E74152E22017B58001CAFB2 /* Build configuration list for PBXProject "ytb_SwipingPage" */ = {
			isa = XCConfigurationList;
			buildConfigurations = (
				8E74154322017B59001CAFB2 /* Debug */,
				8E74154422017B59001CAFB2 /* Release */,
			);
			defaultConfigurationIsVisible = 0;
			defaultConfigurationName = Release;
		};
		8E74154522017B59001CAFB2 /* Build configuration list for PBXNativeTarget "ytb_SwipingPage" */ = {
			isa = XCConfigurationList;
			buildConfigurations = (
				8E74154622017B59001CAFB2 /* Debug */,
				8E74154722017B59001CAFB2 /* Release */,
			);
			defaultConfigurationIsVisible = 0;
			defaultConfigurationName = Release;
		};
/* End XCConfigurationList section */
	};
	rootObject = 8E74152B22017B58001CAFB2 /* Project object */;
}
