// !$*UTF8*$!
{
	archiveVersion = 1;
	classes = {
	};
	objectVersion = 50;
	objects = {

/* Begin PBXBuildFile section */
		8EFD6D0822ACD315008D9E95 /* AppDelegate.swift in Sources */ = {isa = PBXBuildFile; fileRef = 8EFD6D0722ACD315008D9E95 /* AppDelegate.swift */; };
		8EFD6D0A22ACD315008D9E95 /* SceneDelegate.swift in Sources */ = {isa = PBXBuildFile; fileRef = 8EFD6D0922ACD315008D9E95 /* SceneDelegate.swift */; };
		8EFD6D0C22ACD315008D9E95 /* ContentView.swift in Sources */ = {isa = PBXBuildFile; fileRef = 8EFD6D0B22ACD315008D9E95 /* ContentView.swift */; };
		8EFD6D0E22ACD316008D9E95 /* Assets.xcassets in Resources */ = {isa = PBXBuildFile; fileRef = 8EFD6D0D22ACD316008D9E95 /* Assets.xcassets */; };
		8EFD6D1122ACD316008D9E95 /* Preview Assets.xcassets in Resources */ = {isa = PBXBuildFile; fileRef = 8EFD6D1022ACD316008D9E95 /* Preview Assets.xcassets */; };
		8EFD6D1422ACD316008D9E95 /* LaunchScreen.storyboard in Resources */ = {isa = PBXBuildFile; fileRef = 8EFD6D1222ACD316008D9E95 /* LaunchScreen.storyboard */; };
		8EFD6D1C22ACE480008D9E95 /* DynamicLists.swift in Sources */ = {isa = PBXBuildFile; fileRef = 8EFD6D1B22ACE480008D9E95 /* DynamicLists.swift */; };
		8EFD6D1E22ACF062008D9E95 /* GroupUsers.swift in Sources */ = {isa = PBXBuildFile; fileRef = 8EFD6D1D22ACF062008D9E95 /* GroupUsers.swift */; };
/* End PBXBuildFile section */

/* Begin PBXFileReference section */
		8EFD6D0422ACD315008D9E95 /* swiftUI_demo.app */ = {isa = PBXFileReference; explicitFileType = wrapper.application; includeInIndex = 0; path = swiftUI_demo.app; sourceTree = BUILT_PRODUCTS_DIR; };
		8EFD6D0722ACD315008D9E95 /* AppDelegate.swift */ = {isa = PBXFileReference; lastKnownFileType = sourcecode.swift; path = AppDelegate.swift; sourceTree = "<group>"; };
		8EFD6D0922ACD315008D9E95 /* SceneDelegate.swift */ = {isa = PBXFileReference; lastKnownFileType = sourcecode.swift; path = SceneDelegate.swift; sourceTree = "<group>"; };
		8EFD6D0B22ACD315008D9E95 /* ContentView.swift */ = {isa = PBXFileReference; lastKnownFileType = sourcecode.swift; path = ContentView.swift; sourceTree = "<group>"; };
		8EFD6D0D22ACD316008D9E95 /* Assets.xcassets */ = {isa = PBXFileReference; lastKnownFileType = folder.assetcatalog; path = Assets.xcassets; sourceTree = "<group>"; };
		8EFD6D1022ACD316008D9E95 /* Preview Assets.xcassets */ = {isa = PBXFileReference; lastKnownFileType = folder.assetcatalog; path = "Preview Assets.xcassets"; sourceTree = "<group>"; };
		8EFD6D1322ACD316008D9E95 /* Base */ = {isa = PBXFileReference; lastKnownFileType = file.storyboard; name = Base; path = Base.lproj/LaunchScreen.storyboard; sourceTree = "<group>"; };
		8EFD6D1522ACD316008D9E95 /* Info.plist */ = {isa = PBXFileReference; lastKnownFileType = text.plist.xml; path = Info.plist; sourceTree = "<group>"; };
		8EFD6D1B22ACE480008D9E95 /* DynamicLists.swift */ = {isa = PBXFileReference; lastKnownFileType = sourcecode.swift; path = DynamicLists.swift; sourceTree = "<group>"; };
		8EFD6D1D22ACF062008D9E95 /* GroupUsers.swift */ = {isa = PBXFileReference; lastKnownFileType = sourcecode.swift; path = GroupUsers.swift; sourceTree = "<group>"; };
/* End PBXFileReference section */

/* Begin PBXFrameworksBuildPhase section */
		8EFD6D0122ACD315008D9E95 /* Frameworks */ = {
			isa = PBXFrameworksBuildPhase;
			buildActionMask = 2147483647;
			files = (
			);
			runOnlyForDeploymentPostprocessing = 0;
		};
/* End PBXFrameworksBuildPhase section */

/* Begin PBXGroup section */
		8EFD6CFB22ACD315008D9E95 = {
			isa = PBXGroup;
			children = (
				8EFD6D0622ACD315008D9E95 /* swiftUI_demo */,
				8EFD6D0522ACD315008D9E95 /* Products */,
			);
			sourceTree = "<group>";
		};
		8EFD6D0522ACD315008D9E95 /* Products */ = {
			isa = PBXGroup;
			children = (
				8EFD6D0422ACD315008D9E95 /* swiftUI_demo.app */,
			);
			name = Products;
			sourceTree = "<group>";
		};
		8EFD6D0622ACD315008D9E95 /* swiftUI_demo */ = {
			isa = PBXGroup;
			children = (
				8EFD6D0722ACD315008D9E95 /* AppDelegate.swift */,
				8EFD6D0922ACD315008D9E95 /* SceneDelegate.swift */,
				8EFD6D0B22ACD315008D9E95 /* ContentView.swift */,
				8EFD6D0D22ACD316008D9E95 /* Assets.xcassets */,
				8EFD6D1222ACD316008D9E95 /* LaunchScreen.storyboard */,
				8EFD6D1522ACD316008D9E95 /* Info.plist */,
				8EFD6D0F22ACD316008D9E95 /* Preview Content */,
				8EFD6D1B22ACE480008D9E95 /* DynamicLists.swift */,
				8EFD6D1D22ACF062008D9E95 /* GroupUsers.swift */,
			);
			path = swiftUI_demo;
			sourceTree = "<group>";
		};
		8EFD6D0F22ACD316008D9E95 /* Preview Content */ = {
			isa = PBXGroup;
			children = (
				8EFD6D1022ACD316008D9E95 /* Preview Assets.xcassets */,
			);
			path = "Preview Content";
			sourceTree = "<group>";
		};
/* End PBXGroup section */

/* Begin PBXNativeTarget section */
		8EFD6D0322ACD315008D9E95 /* swiftUI_demo */ = {
			isa = PBXNativeTarget;
			buildConfigurationList = 8EFD6D1822ACD316008D9E95 /* Build configuration list for PBXNativeTarget "swiftUI_demo" */;
			buildPhases = (
				8EFD6D0022ACD315008D9E95 /* Sources */,
				8EFD6D0122ACD315008D9E95 /* Frameworks */,
				8EFD6D0222ACD315008D9E95 /* Resources */,
			);
			buildRules = (
			);
			dependencies = (
			);
			name = swiftUI_demo;
			productName = swiftUI_demo;
			productReference = 8EFD6D0422ACD315008D9E95 /* swiftUI_demo.app */;
			productType = "com.apple.product-type.application";
		};
/* End PBXNativeTarget section */

/* Begin PBXProject section */
		8EFD6CFC22ACD315008D9E95 /* Project object */ = {
			isa = PBXProject;
			attributes = {
				LastSwiftUpdateCheck = 1100;
				LastUpgradeCheck = 1100;
				ORGANIZATIONNAME = pm;
				TargetAttributes = {
					8EFD6D0322ACD315008D9E95 = {
						CreatedOnToolsVersion = 11.0;
					};
				};
			};
			buildConfigurationList = 8EFD6CFF22ACD315008D9E95 /* Build configuration list for PBXProject "swiftUI_demo" */;
			compatibilityVersion = "Xcode 9.3";
			developmentRegion = en;
			hasScannedForEncodings = 0;
			knownRegions = (
				en,
				Base,
			);
			mainGroup = 8EFD6CFB22ACD315008D9E95;
			productRefGroup = 8EFD6D0522ACD315008D9E95 /* Products */;
			projectDirPath = "";
			projectRoot = "";
			targets = (
				8EFD6D0322ACD315008D9E95 /* swiftUI_demo */,
			);
		};
/* End PBXProject section */

/* Begin PBXResourcesBuildPhase section */
		8EFD6D0222ACD315008D9E95 /* Resources */ = {
			isa = PBXResourcesBuildPhase;
			buildActionMask = 2147483647;
			files = (
				8EFD6D1422ACD316008D9E95 /* LaunchScreen.storyboard in Resources */,
				8EFD6D1122ACD316008D9E95 /* Preview Assets.xcassets in Resources */,
				8EFD6D0E22ACD316008D9E95 /* Assets.xcassets in Resources */,
			);
			runOnlyForDeploymentPostprocessing = 0;
		};
/* End PBXResourcesBuildPhase section */

/* Begin PBXSourcesBuildPhase section */
		8EFD6D0022ACD315008D9E95 /* Sources */ = {
			isa = PBXSourcesBuildPhase;
			buildActionMask = 2147483647;
			files = (
				8EFD6D0822ACD315008D9E95 /* AppDelegate.swift in Sources */,
				8EFD6D1C22ACE480008D9E95 /* DynamicLists.swift in Sources */,
				8EFD6D0A22ACD315008D9E95 /* SceneDelegate.swift in Sources */,
				8EFD6D1E22ACF062008D9E95 /* GroupUsers.swift in Sources */,
				8EFD6D0C22ACD315008D9E95 /* ContentView.swift in Sources */,
			);
			runOnlyForDeploymentPostprocessing = 0;
		};
/* End PBXSourcesBuildPhase section */

/* Begin PBXVariantGroup section */
		8EFD6D1222ACD316008D9E95 /* LaunchScreen.storyboard */ = {
			isa = PBXVariantGroup;
			children = (
				8EFD6D1322ACD316008D9E95 /* Base */,
			);
			name = LaunchScreen.storyboard;
			sourceTree = "<group>";
		};
/* End PBXVariantGroup section */

/* Begin XCBuildConfiguration section */
		8EFD6D1622ACD316008D9E95 /* Debug */ = {
			isa = XCBuildConfiguration;
			buildSettings = {
				ALWAYS_SEARCH_USER_PATHS = NO;
				CLANG_ANALYZER_NONNULL = YES;
				CLANG_ANALYZER_NUMBER_OBJECT_CONVERSION = YES_AGGRESSIVE;
				CLANG_CXX_LANGUAGE_STANDARD = "gnu++14";
				CLANG_CXX_LIBRARY = "libc++";
				CLANG_ENABLE_MODULES = YES;
				CLANG_ENABLE_OBJC_ARC = YES;
				CLANG_ENABLE_OBJC_WEAK = YES;
				CLANG_WARN_BLOCK_CAPTURE_AUTORELEASING = YES;
				CLANG_WARN_BOOL_CONVERSION = YES;
				CLANG_WARN_COMMA = YES;
				CLANG_WARN_CONSTANT_CONVERSION = YES;
				CLANG_WARN_DEPRECATED_OBJC_IMPLEMENTATIONS = YES;
				CLANG_WARN_DIRECT_OBJC_ISA_USAGE = YES_ERROR;
				CLANG_WARN_DOCUMENTATION_COMMENTS = YES;
				CLANG_WARN_EMPTY_BODY = YES;
				CLANG_WARN_ENUM_CONVERSION = YES;
				CLANG_WARN_INFINITE_RECURSION = YES;
				CLANG_WARN_INT_CONVERSION = YES;
				CLANG_WARN_NON_LITERAL_NULL_CONVERSION = YES;
				CLANG_WARN_OBJC_IMPLICIT_RETAIN_SELF = YES;
				CLANG_WARN_OBJC_LITERAL_CONVERSION = YES;
				CLANG_WARN_OBJC_ROOT_CLASS = YES_ERROR;
				CLANG_WARN_RANGE_LOOP_ANALYSIS = YES;
				CLANG_WARN_STRICT_PROTOTYPES = YES;
				CLANG_WARN_SUSPICIOUS_MOVE = YES;
				CLANG_WARN_UNGUARDED_AVAILABILITY = YES_AGGRESSIVE;
				CLANG_WARN_UNREACHABLE_CODE = YES;
				CLANG_WARN__DUPLICATE_METHOD_MATCH = YES;
				COPY_PHASE_STRIP = NO;
				DEBUG_INFORMATION_FORMAT = dwarf;
				ENABLE_STRICT_OBJC_MSGSEND = YES;
				ENABLE_TESTABILITY = YES;
				GCC_C_LANGUAGE_STANDARD = gnu11;
				GCC_DYNAMIC_NO_PIC = NO;
				GCC_NO_COMMON_BLOCKS = YES;
				GCC_OPTIMIZATION_LEVEL = 0;
				GCC_PREPROCESSOR_DEFINITIONS = (
					"DEBUG=1",
					"$(inherited)",
				);
				GCC_WARN_64_TO_32_BIT_CONVERSION = YES;
				GCC_WARN_ABOUT_RETURN_TYPE = YES_ERROR;
				GCC_WARN_UNDECLARED_SELECTOR = YES;
				GCC_WARN_UNINITIALIZED_AUTOS = YES_AGGRESSIVE;
				GCC_WARN_UNUSED_FUNCTION = YES;
				GCC_WARN_UNUSED_VARIABLE = YES;
				IPHONEOS_DEPLOYMENT_TARGET = 13.0;
				MTL_ENABLE_DEBUG_INFO = INCLUDE_SOURCE;
				MTL_FAST_MATH = YES;
				ONLY_ACTIVE_ARCH = YES;
				SDKROOT = iphoneos;
				SWIFT_ACTIVE_COMPILATION_CONDITIONS = DEBUG;
				SWIFT_OPTIMIZATION_LEVEL = "-Onone";
			};
			name = Debug;
		};
		8EFD6D1722ACD316008D9E95 /* Release */ = {
			isa = XCBuildConfiguration;
			buildSettings = {
				ALWAYS_SEARCH_USER_PATHS = NO;
				CLANG_ANALYZER_NONNULL = YES;
				CLANG_ANALYZER_NUMBER_OBJECT_CONVERSION = YES_AGGRESSIVE;
				CLANG_CXX_LANGUAGE_STANDARD = "gnu++14";
				CLANG_CXX_LIBRARY = "libc++";
				CLANG_ENABLE_MODULES = YES;
				CLANG_ENABLE_OBJC_ARC = YES;
				CLANG_ENABLE_OBJC_WEAK = YES;
				CLANG_WARN_BLOCK_CAPTURE_AUTORELEASING = YES;
				CLANG_WARN_BOOL_CONVERSION = YES;
				CLANG_WARN_COMMA = YES;
				CLANG_WARN_CONSTANT_CONVERSION = YES;
				CLANG_WARN_DEPRECATED_OBJC_IMPLEMENTATIONS = YES;
				CLANG_WARN_DIRECT_OBJC_ISA_USAGE = YES_ERROR;
				CLANG_WARN_DOCUMENTATION_COMMENTS = YES;
				CLANG_WARN_EMPTY_BODY = YES;
				CLANG_WARN_ENUM_CONVERSION = YES;
				CLANG_WARN_INFINITE_RECURSION = YES;
				CLANG_WARN_INT_CONVERSION = YES;
				CLANG_WARN_NON_LITERAL_NULL_CONVERSION = YES;
				CLANG_WARN_OBJC_IMPLICIT_RETAIN_SELF = YES;
				CLANG_WARN_OBJC_LITERAL_CONVERSION = YES;
				CLANG_WARN_OBJC_ROOT_CLASS = YES_ERROR;
				CLANG_WARN_RANGE_LOOP_ANALYSIS = YES;
				CLANG_WARN_STRICT_PROTOTYPES = YES;
				CLANG_WARN_SUSPICIOUS_MOVE = YES;
				CLANG_WARN_UNGUARDED_AVAILABILITY = YES_AGGRESSIVE;
				CLANG_WARN_UNREACHABLE_CODE = YES;
				CLANG_WARN__DUPLICATE_METHOD_MATCH = YES;
				COPY_PHASE_STRIP = NO;
				DEBUG_INFORMATION_FORMAT = "dwarf-with-dsym";
				ENABLE_NS_ASSERTIONS = NO;
				ENABLE_STRICT_OBJC_MSGSEND = YES;
				GCC_C_LANGUAGE_STANDARD = gnu11;
				GCC_NO_COMMON_BLOCKS = YES;
				GCC_WARN_64_TO_32_BIT_CONVERSION = YES;
				GCC_WARN_ABOUT_RETURN_TYPE = YES_ERROR;
				GCC_WARN_UNDECLARED_SELECTOR = YES;
				GCC_WARN_UNINITIALIZED_AUTOS = YES_AGGRESSIVE;
				GCC_WARN_UNUSED_FUNCTION = YES;
				GCC_WARN_UNUSED_VARIABLE = YES;
				IPHONEOS_DEPLOYMENT_TARGET = 13.0;
				MTL_ENABLE_DEBUG_INFO = NO;
				MTL_FAST_MATH = YES;
				SDKROOT = iphoneos;
				SWIFT_COMPILATION_MODE = wholemodule;
				SWIFT_OPTIMIZATION_LEVEL = "-O";
				VALIDATE_PRODUCT = YES;
			};
			name = Release;
		};
		8EFD6D1922ACD316008D9E95 /* Debug */ = {
			isa = XCBuildConfiguration;
			buildSettings = {
				ASSETCATALOG_COMPILER_APPICON_NAME = AppIcon;
				CODE_SIGN_STYLE = Automatic;
				DEVELOPMENT_ASSET_PATHS = "swiftUI_demo/Preview\\ Content";
				DEVELOPMENT_TEAM = MW7T7K7N92;
				ENABLE_PREVIEWS = YES;
				INFOPLIST_FILE = swiftUI_demo/Info.plist;
				LD_RUNPATH_SEARCH_PATHS = (
					"$(inherited)",
					"@executable_path/Frameworks",
				);
				PRODUCT_BUNDLE_IDENTIFIER = "com.yongzhan.swiftUI-demo";
				PRODUCT_NAME = "$(TARGET_NAME)";
				SWIFT_VERSION = 5.0;
				TARGETED_DEVICE_FAMILY = "1,2";
			};
			name = Debug;
		};
		8EFD6D1A22ACD316008D9E95 /* Release */ = {
			isa = XCBuildConfiguration;
			buildSettings = {
				ASSETCATALOG_COMPILER_APPICON_NAME = AppIcon;
				CODE_SIGN_STYLE = Automatic;
				DEVELOPMENT_ASSET_PATHS = "swiftUI_demo/Preview\\ Content";
				DEVELOPMENT_TEAM = MW7T7K7N92;
				ENABLE_PREVIEWS = YES;
				INFOPLIST_FILE = swiftUI_demo/Info.plist;
				LD_RUNPATH_SEARCH_PATHS = (
					"$(inherited)",
					"@executable_path/Frameworks",
				);
				PRODUCT_BUNDLE_IDENTIFIER = "com.yongzhan.swiftUI-demo";
				PRODUCT_NAME = "$(TARGET_NAME)";
				SWIFT_VERSION = 5.0;
				TARGETED_DEVICE_FAMILY = "1,2";
			};
			name = Release;
		};
/* End XCBuildConfiguration section */

/* Begin XCConfigurationList section */
		8EFD6CFF22ACD315008D9E95 /* Build configuration list for PBXProject "swiftUI_demo" */ = {
			isa = XCConfigurationList;
			buildConfigurations = (
				8EFD6D1622ACD316008D9E95 /* Debug */,
				8EFD6D1722ACD316008D9E95 /* Release */,
			);
			defaultConfigurationIsVisible = 0;
			defaultConfigurationName = Release;
		};
		8EFD6D1822ACD316008D9E95 /* Build configuration list for PBXNativeTarget "swiftUI_demo" */ = {
			isa = XCConfigurationList;
			buildConfigurations = (
				8EFD6D1922ACD316008D9E95 /* Debug */,
				8EFD6D1A22ACD316008D9E95 /* Release */,
			);
			defaultConfigurationIsVisible = 0;
			defaultConfigurationName = Release;
		};
/* End XCConfigurationList section */
	};
	rootObject = 8EFD6CFC22ACD315008D9E95 /* Project object */;
}
