// !$*UTF8*$!
{
	archiveVersion = 1;
	classes = {
	};
	objectVersion = 50;
	objects = {

/* Begin PBXBuildFile section */
		8E48BCBB227A9E7200B225D2 /* AppDelegate.swift in Sources */ = {isa = PBXBuildFile; fileRef = 8E48BCBA227A9E7200B225D2 /* AppDelegate.swift */; };
		8E48BCBD227A9E7200B225D2 /* ViewController.swift in Sources */ = {isa = PBXBuildFile; fileRef = 8E48BCBC227A9E7200B225D2 /* ViewController.swift */; };
		8E48BCC0227A9E7200B225D2 /* Main.storyboard in Resources */ = {isa = PBXBuildFile; fileRef = 8E48BCBE227A9E7200B225D2 /* Main.storyboard */; };
		8E48BCC2227A9E7500B225D2 /* Assets.xcassets in Resources */ = {isa = PBXBuildFile; fileRef = 8E48BCC1227A9E7500B225D2 /* Assets.xcassets */; };
		8E48BCC5227A9E7500B225D2 /* LaunchScreen.storyboard in Resources */ = {isa = PBXBuildFile; fileRef = 8E48BCC3227A9E7500B225D2 /* LaunchScreen.storyboard */; };
		8E48BCCD227AA50F00B225D2 /* SomeExpensiveServices.swift in Sources */ = {isa = PBXBuildFile; fileRef = 8E48BCCC227AA50F00B225D2 /* SomeExpensiveServices.swift */; };
/* End PBXBuildFile section */

/* Begin PBXFileReference section */
		8E48BCB7227A9E7200B225D2 /* ytb_use_lazy.app */ = {isa = PBXFileReference; explicitFileType = wrapper.application; includeInIndex = 0; path = ytb_use_lazy.app; sourceTree = BUILT_PRODUCTS_DIR; };
		8E48BCBA227A9E7200B225D2 /* AppDelegate.swift */ = {isa = PBXFileReference; lastKnownFileType = sourcecode.swift; path = AppDelegate.swift; sourceTree = "<group>"; };
		8E48BCBC227A9E7200B225D2 /* ViewController.swift */ = {isa = PBXFileReference; lastKnownFileType = sourcecode.swift; path = ViewController.swift; sourceTree = "<group>"; };
		8E48BCBF227A9E7200B225D2 /* Base */ = {isa = PBXFileReference; lastKnownFileType = file.storyboard; name = Base; path = Base.lproj/Main.storyboard; sourceTree = "<group>"; };
		8E48BCC1227A9E7500B225D2 /* Assets.xcassets */ = {isa = PBXFileReference; lastKnownFileType = folder.assetcatalog; path = Assets.xcassets; sourceTree = "<group>"; };
		8E48BCC4227A9E7500B225D2 /* Base */ = {isa = PBXFileReference; lastKnownFileType = file.storyboard; name = Base; path = Base.lproj/LaunchScreen.storyboard; sourceTree = "<group>"; };
		8E48BCC6227A9E7500B225D2 /* Info.plist */ = {isa = PBXFileReference; lastKnownFileType = text.plist.xml; path = Info.plist; sourceTree = "<group>"; };
		8E48BCCC227AA50F00B225D2 /* SomeExpensiveServices.swift */ = {isa = PBXFileReference; lastKnownFileType = sourcecode.swift; path = SomeExpensiveServices.swift; sourceTree = "<group>"; };
/* End PBXFileReference section */

/* Begin PBXFrameworksBuildPhase section */
		8E48BCB4227A9E7200B225D2 /* Frameworks */ = {
			isa = PBXFrameworksBuildPhase;
			buildActionMask = 2147483647;
			files = (
			);
			runOnlyForDeploymentPostprocessing = 0;
		};
/* End PBXFrameworksBuildPhase section */

/* Begin PBXGroup section */
		8E48BCAE227A9E7200B225D2 = {
			isa = PBXGroup;
			children = (
				8E48BCB9227A9E7200B225D2 /* ytb_use_lazy */,
				8E48BCB8227A9E7200B225D2 /* Products */,
			);
			sourceTree = "<group>";
		};
		8E48BCB8227A9E7200B225D2 /* Products */ = {
			isa = PBXGroup;
			children = (
				8E48BCB7227A9E7200B225D2 /* ytb_use_lazy.app */,
			);
			name = Products;
			sourceTree = "<group>";
		};
		8E48BCB9227A9E7200B225D2 /* ytb_use_lazy */ = {
			isa = PBXGroup;
			children = (
				8E48BCBA227A9E7200B225D2 /* AppDelegate.swift */,
				8E48BCBC227A9E7200B225D2 /* ViewController.swift */,
				8E48BCBE227A9E7200B225D2 /* Main.storyboard */,
				8E48BCC1227A9E7500B225D2 /* Assets.xcassets */,
				8E48BCC3227A9E7500B225D2 /* LaunchScreen.storyboard */,
				8E48BCC6227A9E7500B225D2 /* Info.plist */,
				8E48BCCC227AA50F00B225D2 /* SomeExpensiveServices.swift */,
			);
			path = ytb_use_lazy;
			sourceTree = "<group>";
		};
/* End PBXGroup section */

/* Begin PBXNativeTarget section */
		8E48BCB6227A9E7200B225D2 /* ytb_use_lazy */ = {
			isa = PBXNativeTarget;
			buildConfigurationList = 8E48BCC9227A9E7500B225D2 /* Build configuration list for PBXNativeTarget "ytb_use_lazy" */;
			buildPhases = (
				8E48BCB3227A9E7200B225D2 /* Sources */,
				8E48BCB4227A9E7200B225D2 /* Frameworks */,
				8E48BCB5227A9E7200B225D2 /* Resources */,
			);
			buildRules = (
			);
			dependencies = (
			);
			name = ytb_use_lazy;
			productName = ytb_use_lazy;
			productReference = 8E48BCB7227A9E7200B225D2 /* ytb_use_lazy.app */;
			productType = "com.apple.product-type.application";
		};
/* End PBXNativeTarget section */

/* Begin PBXProject section */
		8E48BCAF227A9E7200B225D2 /* Project object */ = {
			isa = PBXProject;
			attributes = {
				LastSwiftUpdateCheck = 1020;
				LastUpgradeCheck = 1020;
				ORGANIZATIONNAME = pm;
				TargetAttributes = {
					8E48BCB6227A9E7200B225D2 = {
						CreatedOnToolsVersion = 10.2;
					};
				};
			};
			buildConfigurationList = 8E48BCB2227A9E7200B225D2 /* Build configuration list for PBXProject "ytb_use_lazy" */;
			compatibilityVersion = "Xcode 9.3";
			developmentRegion = en;
			hasScannedForEncodings = 0;
			knownRegions = (
				en,
				Base,
			);
			mainGroup = 8E48BCAE227A9E7200B225D2;
			productRefGroup = 8E48BCB8227A9E7200B225D2 /* Products */;
			projectDirPath = "";
			projectRoot = "";
			targets = (
				8E48BCB6227A9E7200B225D2 /* ytb_use_lazy */,
			);
		};
/* End PBXProject section */

/* Begin PBXResourcesBuildPhase section */
		8E48BCB5227A9E7200B225D2 /* Resources */ = {
			isa = PBXResourcesBuildPhase;
			buildActionMask = 2147483647;
			files = (
				8E48BCC5227A9E7500B225D2 /* LaunchScreen.storyboard in Resources */,
				8E48BCC2227A9E7500B225D2 /* Assets.xcassets in Resources */,
				8E48BCC0227A9E7200B225D2 /* Main.storyboard in Resources */,
			);
			runOnlyForDeploymentPostprocessing = 0;
		};
/* End PBXResourcesBuildPhase section */

/* Begin PBXSourcesBuildPhase section */
		8E48BCB3227A9E7200B225D2 /* Sources */ = {
			isa = PBXSourcesBuildPhase;
			buildActionMask = 2147483647;
			files = (
				8E48BCBD227A9E7200B225D2 /* ViewController.swift in Sources */,
				8E48BCBB227A9E7200B225D2 /* AppDelegate.swift in Sources */,
				8E48BCCD227AA50F00B225D2 /* SomeExpensiveServices.swift in Sources */,
			);
			runOnlyForDeploymentPostprocessing = 0;
		};
/* End PBXSourcesBuildPhase section */

/* Begin PBXVariantGroup section */
		8E48BCBE227A9E7200B225D2 /* Main.storyboard */ = {
			isa = PBXVariantGroup;
			children = (
				8E48BCBF227A9E7200B225D2 /* Base */,
			);
			name = Main.storyboard;
			sourceTree = "<group>";
		};
		8E48BCC3227A9E7500B225D2 /* LaunchScreen.storyboard */ = {
			isa = PBXVariantGroup;
			children = (
				8E48BCC4227A9E7500B225D2 /* Base */,
			);
			name = LaunchScreen.storyboard;
			sourceTree = "<group>";
		};
/* End PBXVariantGroup section */

/* Begin XCBuildConfiguration section */
		8E48BCC7227A9E7500B225D2 /* Debug */ = {
			isa = XCBuildConfiguration;
			buildSettings = {
				ALWAYS_SEARCH_USER_PATHS = NO;
				CLANG_ANALYZER_NONNULL = YES;
				CLANG_ANALYZER_NUMBER_OBJECT_CONVERSION = YES_AGGRESSIVE;
				CLANG_CXX_LANGUAGE_STANDARD = "gnu++14";
				CLANG_CXX_LIBRARY = "libc++";
				CLANG_ENABLE_MODULES = YES;
				CLANG_ENABLE_OBJC_ARC = YES;
				CLANG_ENABLE_OBJC_WEAK = YES;
				CLANG_WARN_BLOCK_CAPTURE_AUTORELEASING = YES;
				CLANG_WARN_BOOL_CONVERSION = YES;
				CLANG_WARN_COMMA = YES;
				CLANG_WARN_CONSTANT_CONVERSION = YES;
				CLANG_WARN_DEPRECATED_OBJC_IMPLEMENTATIONS = YES;
				CLANG_WARN_DIRECT_OBJC_ISA_USAGE = YES_ERROR;
				CLANG_WARN_DOCUMENTATION_COMMENTS = YES;
				CLANG_WARN_EMPTY_BODY = YES;
				CLANG_WARN_ENUM_CONVERSION = YES;
				CLANG_WARN_INFINITE_RECURSION = YES;
				CLANG_WARN_INT_CONVERSION = YES;
				CLANG_WARN_NON_LITERAL_NULL_CONVERSION = YES;
				CLANG_WARN_OBJC_IMPLICIT_RETAIN_SELF = YES;
				CLANG_WARN_OBJC_LITERAL_CONVERSION = YES;
				CLANG_WARN_OBJC_ROOT_CLASS = YES_ERROR;
				CLANG_WARN_RANGE_LOOP_ANALYSIS = YES;
				CLANG_WARN_STRICT_PROTOTYPES = YES;
				CLANG_WARN_SUSPICIOUS_MOVE = YES;
				CLANG_WARN_UNGUARDED_AVAILABILITY = YES_AGGRESSIVE;
				CLANG_WARN_UNREACHABLE_CODE = YES;
				CLANG_WARN__DUPLICATE_METHOD_MATCH = YES;
				CODE_SIGN_IDENTITY = "iPhone Developer";
				COPY_PHASE_STRIP = NO;
				DEBUG_INFORMATION_FORMAT = dwarf;
				ENABLE_STRICT_OBJC_MSGSEND = YES;
				ENABLE_TESTABILITY = YES;
				GCC_C_LANGUAGE_STANDARD = gnu11;
				GCC_DYNAMIC_NO_PIC = NO;
				GCC_NO_COMMON_BLOCKS = YES;
				GCC_OPTIMIZATION_LEVEL = 0;
				GCC_PREPROCESSOR_DEFINITIONS = (
					"DEBUG=1",
					"$(inherited)",
				);
				GCC_WARN_64_TO_32_BIT_CONVERSION = YES;
				GCC_WARN_ABOUT_RETURN_TYPE = YES_ERROR;
				GCC_WARN_UNDECLARED_SELECTOR = YES;
				GCC_WARN_UNINITIALIZED_AUTOS = YES_AGGRESSIVE;
				GCC_WARN_UNUSED_FUNCTION = YES;
				GCC_WARN_UNUSED_VARIABLE = YES;
				IPHONEOS_DEPLOYMENT_TARGET = 12.2;
				MTL_ENABLE_DEBUG_INFO = INCLUDE_SOURCE;
				MTL_FAST_MATH = YES;
				ONLY_ACTIVE_ARCH = YES;
				SDKROOT = iphoneos;
				SWIFT_ACTIVE_COMPILATION_CONDITIONS = DEBUG;
				SWIFT_OPTIMIZATION_LEVEL = "-Onone";
			};
			name = Debug;
		};
		8E48BCC8227A9E7500B225D2 /* Release */ = {
			isa = XCBuildConfiguration;
			buildSettings = {
				ALWAYS_SEARCH_USER_PATHS = NO;
				CLANG_ANALYZER_NONNULL = YES;
				CLANG_ANALYZER_NUMBER_OBJECT_CONVERSION = YES_AGGRESSIVE;
				CLANG_CXX_LANGUAGE_STANDARD = "gnu++14";
				CLANG_CXX_LIBRARY = "libc++";
				CLANG_ENABLE_MODULES = YES;
				CLANG_ENABLE_OBJC_ARC = YES;
				CLANG_ENABLE_OBJC_WEAK = YES;
				CLANG_WARN_BLOCK_CAPTURE_AUTORELEASING = YES;
				CLANG_WARN_BOOL_CONVERSION = YES;
				CLANG_WARN_COMMA = YES;
				CLANG_WARN_CONSTANT_CONVERSION = YES;
				CLANG_WARN_DEPRECATED_OBJC_IMPLEMENTATIONS = YES;
				CLANG_WARN_DIRECT_OBJC_ISA_USAGE = YES_ERROR;
				CLANG_WARN_DOCUMENTATION_COMMENTS = YES;
				CLANG_WARN_EMPTY_BODY = YES;
				CLANG_WARN_ENUM_CONVERSION = YES;
				CLANG_WARN_INFINITE_RECURSION = YES;
				CLANG_WARN_INT_CONVERSION = YES;
				CLANG_WARN_NON_LITERAL_NULL_CONVERSION = YES;
				CLANG_WARN_OBJC_IMPLICIT_RETAIN_SELF = YES;
				CLANG_WARN_OBJC_LITERAL_CONVERSION = YES;
				CLANG_WARN_OBJC_ROOT_CLASS = YES_ERROR;
				CLANG_WARN_RANGE_LOOP_ANALYSIS = YES;
				CLANG_WARN_STRICT_PROTOTYPES = YES;
				CLANG_WARN_SUSPICIOUS_MOVE = YES;
				CLANG_WARN_UNGUARDED_AVAILABILITY = YES_AGGRESSIVE;
				CLANG_WARN_UNREACHABLE_CODE = YES;
				CLANG_WARN__DUPLICATE_METHOD_MATCH = YES;
				CODE_SIGN_IDENTITY = "iPhone Developer";
				COPY_PHASE_STRIP = NO;
				DEBUG_INFORMATION_FORMAT = "dwarf-with-dsym";
				ENABLE_NS_ASSERTIONS = NO;
				ENABLE_STRICT_OBJC_MSGSEND = YES;
				GCC_C_LANGUAGE_STANDARD = gnu11;
				GCC_NO_COMMON_BLOCKS = YES;
				GCC_WARN_64_TO_32_BIT_CONVERSION = YES;
				GCC_WARN_ABOUT_RETURN_TYPE = YES_ERROR;
				GCC_WARN_UNDECLARED_SELECTOR = YES;
				GCC_WARN_UNINITIALIZED_AUTOS = YES_AGGRESSIVE;
				GCC_WARN_UNUSED_FUNCTION = YES;
				GCC_WARN_UNUSED_VARIABLE = YES;
				IPHONEOS_DEPLOYMENT_TARGET = 12.2;
				MTL_ENABLE_DEBUG_INFO = NO;
				MTL_FAST_MATH = YES;
				SDKROOT = iphoneos;
				SWIFT_COMPILATION_MODE = wholemodule;
				SWIFT_OPTIMIZATION_LEVEL = "-O";
				VALIDATE_PRODUCT = YES;
			};
			name = Release;
		};
		8E48BCCA227A9E7500B225D2 /* Debug */ = {
			isa = XCBuildConfiguration;
			buildSettings = {
				ASSETCATALOG_COMPILER_APPICON_NAME = AppIcon;
				CODE_SIGN_STYLE = Automatic;
				DEVELOPMENT_TEAM = MW7T7K7N92;
				INFOPLIST_FILE = ytb_use_lazy/Info.plist;
				LD_RUNPATH_SEARCH_PATHS = (
					"$(inherited)",
					"@executable_path/Frameworks",
				);
				PRODUCT_BUNDLE_IDENTIFIER = "com.yongzhan.ytb-use-lazy";
				PRODUCT_NAME = "$(TARGET_NAME)";
				SWIFT_VERSION = 5.0;
				TARGETED_DEVICE_FAMILY = "1,2";
			};
			name = Debug;
		};
		8E48BCCB227A9E7500B225D2 /* Release */ = {
			isa = XCBuildConfiguration;
			buildSettings = {
				ASSETCATALOG_COMPILER_APPICON_NAME = AppIcon;
				CODE_SIGN_STYLE = Automatic;
				DEVELOPMENT_TEAM = MW7T7K7N92;
				INFOPLIST_FILE = ytb_use_lazy/Info.plist;
				LD_RUNPATH_SEARCH_PATHS = (
					"$(inherited)",
					"@executable_path/Frameworks",
				);
				PRODUCT_BUNDLE_IDENTIFIER = "com.yongzhan.ytb-use-lazy";
				PRODUCT_NAME = "$(TARGET_NAME)";
				SWIFT_VERSION = 5.0;
				TARGETED_DEVICE_FAMILY = "1,2";
			};
			name = Release;
		};
/* End XCBuildConfiguration section */

/* Begin XCConfigurationList section */
		8E48BCB2227A9E7200B225D2 /* Build configuration list for PBXProject "ytb_use_lazy" */ = {
			isa = XCConfigurationList;
			buildConfigurations = (
				8E48BCC7227A9E7500B225D2 /* Debug */,
				8E48BCC8227A9E7500B225D2 /* Release */,
			);
			defaultConfigurationIsVisible = 0;
			defaultConfigurationName = Release;
		};
		8E48BCC9227A9E7500B225D2 /* Build configuration list for PBXNativeTarget "ytb_use_lazy" */ = {
			isa = XCConfigurationList;
			buildConfigurations = (
				8E48BCCA227A9E7500B225D2 /* Debug */,
				8E48BCCB227A9E7500B225D2 /* Release */,
			);
			defaultConfigurationIsVisible = 0;
			defaultConfigurationName = Release;
		};
/* End XCConfigurationList section */
	};
	rootObject = 8E48BCAF227A9E7200B225D2 /* Project object */;
}
