// !$*UTF8*$!
{
	archiveVersion = 1;
	classes = {
	};
	objectVersion = 50;
	objects = {

/* Begin PBXBuildFile section */
		8E48773521F03385000AABBA /* AppDelegate.swift in Sources */ = {isa = PBXBuildFile; fileRef = 8E48773421F03385000AABBA /* AppDelegate.swift */; };
		8E48773721F03385000AABBA /* ViewController.swift in Sources */ = {isa = PBXBuildFile; fileRef = 8E48773621F03385000AABBA /* ViewController.swift */; };
		8E48773A21F03385000AABBA /* Main.storyboard in Resources */ = {isa = PBXBuildFile; fileRef = 8E48773821F03385000AABBA /* Main.storyboard */; };
		8E48773C21F03386000AABBA /* Assets.xcassets in Resources */ = {isa = PBXBuildFile; fileRef = 8E48773B21F03386000AABBA /* Assets.xcassets */; };
		8E48773F21F03386000AABBA /* LaunchScreen.storyboard in Resources */ = {isa = PBXBuildFile; fileRef = 8E48773D21F03386000AABBA /* LaunchScreen.storyboard */; };
		8E48774721F06A08000AABBA /* SwiperController.swift in Sources */ = {isa = PBXBuildFile; fileRef = 8E48774621F06A08000AABBA /* SwiperController.swift */; };
		8E48774921F07242000AABBA /* PageCell.swift in Sources */ = {isa = PBXBuildFile; fileRef = 8E48774821F07242000AABBA /* PageCell.swift */; };
		8E48774B21F087BE000AABBA /* Page.swift in Sources */ = {isa = PBXBuildFile; fileRef = 8E48774A21F087BE000AABBA /* Page.swift */; };
		8E48774D21F0DA4E000AABBA /* SwiperController+Extension.swift in Sources */ = {isa = PBXBuildFile; fileRef = 8E48774C21F0DA4E000AABBA /* SwiperController+Extension.swift */; };
		8E48774F21F0DAF2000AABBA /* SwiperController+UICollectionView.swift in Sources */ = {isa = PBXBuildFile; fileRef = 8E48774E21F0DAF2000AABBA /* SwiperController+UICollectionView.swift */; };
/* End PBXBuildFile section */

/* Begin PBXFileReference section */
		8E48773121F03385000AABBA /* ytb_autoLayout.app */ = {isa = PBXFileReference; explicitFileType = wrapper.application; includeInIndex = 0; path = ytb_autoLayout.app; sourceTree = BUILT_PRODUCTS_DIR; };
		8E48773421F03385000AABBA /* AppDelegate.swift */ = {isa = PBXFileReference; lastKnownFileType = sourcecode.swift; path = AppDelegate.swift; sourceTree = "<group>"; };
		8E48773621F03385000AABBA /* ViewController.swift */ = {isa = PBXFileReference; lastKnownFileType = sourcecode.swift; path = ViewController.swift; sourceTree = "<group>"; };
		8E48773921F03385000AABBA /* Base */ = {isa = PBXFileReference; lastKnownFileType = file.storyboard; name = Base; path = Base.lproj/Main.storyboard; sourceTree = "<group>"; };
		8E48773B21F03386000AABBA /* Assets.xcassets */ = {isa = PBXFileReference; lastKnownFileType = folder.assetcatalog; path = Assets.xcassets; sourceTree = "<group>"; };
		8E48773E21F03386000AABBA /* Base */ = {isa = PBXFileReference; lastKnownFileType = file.storyboard; name = Base; path = Base.lproj/LaunchScreen.storyboard; sourceTree = "<group>"; };
		8E48774021F03386000AABBA /* Info.plist */ = {isa = PBXFileReference; lastKnownFileType = text.plist.xml; path = Info.plist; sourceTree = "<group>"; };
		8E48774621F06A08000AABBA /* SwiperController.swift */ = {isa = PBXFileReference; lastKnownFileType = sourcecode.swift; path = SwiperController.swift; sourceTree = "<group>"; };
		8E48774821F07242000AABBA /* PageCell.swift */ = {isa = PBXFileReference; lastKnownFileType = sourcecode.swift; path = PageCell.swift; sourceTree = "<group>"; };
		8E48774A21F087BE000AABBA /* Page.swift */ = {isa = PBXFileReference; lastKnownFileType = sourcecode.swift; path = Page.swift; sourceTree = "<group>"; };
		8E48774C21F0DA4E000AABBA /* SwiperController+Extension.swift */ = {isa = PBXFileReference; lastKnownFileType = sourcecode.swift; path = "SwiperController+Extension.swift"; sourceTree = "<group>"; };
		8E48774E21F0DAF2000AABBA /* SwiperController+UICollectionView.swift */ = {isa = PBXFileReference; lastKnownFileType = sourcecode.swift; path = "SwiperController+UICollectionView.swift"; sourceTree = "<group>"; };
/* End PBXFileReference section */

/* Begin PBXFrameworksBuildPhase section */
		8E48772E21F03385000AABBA /* Frameworks */ = {
			isa = PBXFrameworksBuildPhase;
			buildActionMask = 2147483647;
			files = (
			);
			runOnlyForDeploymentPostprocessing = 0;
		};
/* End PBXFrameworksBuildPhase section */

/* Begin PBXGroup section */
		8E48772821F03385000AABBA = {
			isa = PBXGroup;
			children = (
				8E48773321F03385000AABBA /* ytb_autoLayout */,
				8E48773221F03385000AABBA /* Products */,
			);
			sourceTree = "<group>";
		};
		8E48773221F03385000AABBA /* Products */ = {
			isa = PBXGroup;
			children = (
				8E48773121F03385000AABBA /* ytb_autoLayout.app */,
			);
			name = Products;
			sourceTree = "<group>";
		};
		8E48773321F03385000AABBA /* ytb_autoLayout */ = {
			isa = PBXGroup;
			children = (
				8E48773421F03385000AABBA /* AppDelegate.swift */,
				8E48773621F03385000AABBA /* ViewController.swift */,
				8E48773821F03385000AABBA /* Main.storyboard */,
				8E48773B21F03386000AABBA /* Assets.xcassets */,
				8E48773D21F03386000AABBA /* LaunchScreen.storyboard */,
				8E48774021F03386000AABBA /* Info.plist */,
				8E48774621F06A08000AABBA /* SwiperController.swift */,
				8E48774821F07242000AABBA /* PageCell.swift */,
				8E48774A21F087BE000AABBA /* Page.swift */,
				8E48774C21F0DA4E000AABBA /* SwiperController+Extension.swift */,
				8E48774E21F0DAF2000AABBA /* SwiperController+UICollectionView.swift */,
			);
			path = ytb_autoLayout;
			sourceTree = "<group>";
		};
/* End PBXGroup section */

/* Begin PBXNativeTarget section */
		8E48773021F03385000AABBA /* ytb_autoLayout */ = {
			isa = PBXNativeTarget;
			buildConfigurationList = 8E48774321F03386000AABBA /* Build configuration list for PBXNativeTarget "ytb_autoLayout" */;
			buildPhases = (
				8E48772D21F03385000AABBA /* Sources */,
				8E48772E21F03385000AABBA /* Frameworks */,
				8E48772F21F03385000AABBA /* Resources */,
			);
			buildRules = (
			);
			dependencies = (
			);
			name = ytb_autoLayout;
			productName = ytb_autoLayout;
			productReference = 8E48773121F03385000AABBA /* ytb_autoLayout.app */;
			productType = "com.apple.product-type.application";
		};
/* End PBXNativeTarget section */

/* Begin PBXProject section */
		8E48772921F03385000AABBA /* Project object */ = {
			isa = PBXProject;
			attributes = {
				LastSwiftUpdateCheck = 1010;
				LastUpgradeCheck = 1010;
				ORGANIZATIONNAME = pm;
				TargetAttributes = {
					8E48773021F03385000AABBA = {
						CreatedOnToolsVersion = 10.1;
					};
				};
			};
			buildConfigurationList = 8E48772C21F03385000AABBA /* Build configuration list for PBXProject "ytb_autoLayout" */;
			compatibilityVersion = "Xcode 9.3";
			developmentRegion = en;
			hasScannedForEncodings = 0;
			knownRegions = (
				en,
				Base,
			);
			mainGroup = 8E48772821F03385000AABBA;
			productRefGroup = 8E48773221F03385000AABBA /* Products */;
			projectDirPath = "";
			projectRoot = "";
			targets = (
				8E48773021F03385000AABBA /* ytb_autoLayout */,
			);
		};
/* End PBXProject section */

/* Begin PBXResourcesBuildPhase section */
		8E48772F21F03385000AABBA /* Resources */ = {
			isa = PBXResourcesBuildPhase;
			buildActionMask = 2147483647;
			files = (
				8E48773F21F03386000AABBA /* LaunchScreen.storyboard in Resources */,
				8E48773C21F03386000AABBA /* Assets.xcassets in Resources */,
				8E48773A21F03385000AABBA /* Main.storyboard in Resources */,
			);
			runOnlyForDeploymentPostprocessing = 0;
		};
/* End PBXResourcesBuildPhase section */

/* Begin PBXSourcesBuildPhase section */
		8E48772D21F03385000AABBA /* Sources */ = {
			isa = PBXSourcesBuildPhase;
			buildActionMask = 2147483647;
			files = (
				8E48774D21F0DA4E000AABBA /* SwiperController+Extension.swift in Sources */,
				8E48774721F06A08000AABBA /* SwiperController.swift in Sources */,
				8E48773721F03385000AABBA /* ViewController.swift in Sources */,
				8E48774F21F0DAF2000AABBA /* SwiperController+UICollectionView.swift in Sources */,
				8E48774921F07242000AABBA /* PageCell.swift in Sources */,
				8E48773521F03385000AABBA /* AppDelegate.swift in Sources */,
				8E48774B21F087BE000AABBA /* Page.swift in Sources */,
			);
			runOnlyForDeploymentPostprocessing = 0;
		};
/* End PBXSourcesBuildPhase section */

/* Begin PBXVariantGroup section */
		8E48773821F03385000AABBA /* Main.storyboard */ = {
			isa = PBXVariantGroup;
			children = (
				8E48773921F03385000AABBA /* Base */,
			);
			name = Main.storyboard;
			sourceTree = "<group>";
		};
		8E48773D21F03386000AABBA /* LaunchScreen.storyboard */ = {
			isa = PBXVariantGroup;
			children = (
				8E48773E21F03386000AABBA /* Base */,
			);
			name = LaunchScreen.storyboard;
			sourceTree = "<group>";
		};
/* End PBXVariantGroup section */

/* Begin XCBuildConfiguration section */
		8E48774121F03386000AABBA /* Debug */ = {
			isa = XCBuildConfiguration;
			buildSettings = {
				ALWAYS_SEARCH_USER_PATHS = NO;
				CLANG_ANALYZER_NONNULL = YES;
				CLANG_ANALYZER_NUMBER_OBJECT_CONVERSION = YES_AGGRESSIVE;
				CLANG_CXX_LANGUAGE_STANDARD = "gnu++14";
				CLANG_CXX_LIBRARY = "libc++";
				CLANG_ENABLE_MODULES = YES;
				CLANG_ENABLE_OBJC_ARC = YES;
				CLANG_ENABLE_OBJC_WEAK = YES;
				CLANG_WARN_BLOCK_CAPTURE_AUTORELEASING = YES;
				CLANG_WARN_BOOL_CONVERSION = YES;
				CLANG_WARN_COMMA = YES;
				CLANG_WARN_CONSTANT_CONVERSION = YES;
				CLANG_WARN_DEPRECATED_OBJC_IMPLEMENTATIONS = YES;
				CLANG_WARN_DIRECT_OBJC_ISA_USAGE = YES_ERROR;
				CLANG_WARN_DOCUMENTATION_COMMENTS = YES;
				CLANG_WARN_EMPTY_BODY = YES;
				CLANG_WARN_ENUM_CONVERSION = YES;
				CLANG_WARN_INFINITE_RECURSION = YES;
				CLANG_WARN_INT_CONVERSION = YES;
				CLANG_WARN_NON_LITERAL_NULL_CONVERSION = YES;
				CLANG_WARN_OBJC_IMPLICIT_RETAIN_SELF = YES;
				CLANG_WARN_OBJC_LITERAL_CONVERSION = YES;
				CLANG_WARN_OBJC_ROOT_CLASS = YES_ERROR;
				CLANG_WARN_RANGE_LOOP_ANALYSIS = YES;
				CLANG_WARN_STRICT_PROTOTYPES = YES;
				CLANG_WARN_SUSPICIOUS_MOVE = YES;
				CLANG_WARN_UNGUARDED_AVAILABILITY = YES_AGGRESSIVE;
				CLANG_WARN_UNREACHABLE_CODE = YES;
				CLANG_WARN__DUPLICATE_METHOD_MATCH = YES;
				CODE_SIGN_IDENTITY = "iPhone Developer";
				COPY_PHASE_STRIP = NO;
				DEBUG_INFORMATION_FORMAT = dwarf;
				ENABLE_STRICT_OBJC_MSGSEND = YES;
				ENABLE_TESTABILITY = YES;
				GCC_C_LANGUAGE_STANDARD = gnu11;
				GCC_DYNAMIC_NO_PIC = NO;
				GCC_NO_COMMON_BLOCKS = YES;
				GCC_OPTIMIZATION_LEVEL = 0;
				GCC_PREPROCESSOR_DEFINITIONS = (
					"DEBUG=1",
					"$(inherited)",
				);
				GCC_WARN_64_TO_32_BIT_CONVERSION = YES;
				GCC_WARN_ABOUT_RETURN_TYPE = YES_ERROR;
				GCC_WARN_UNDECLARED_SELECTOR = YES;
				GCC_WARN_UNINITIALIZED_AUTOS = YES_AGGRESSIVE;
				GCC_WARN_UNUSED_FUNCTION = YES;
				GCC_WARN_UNUSED_VARIABLE = YES;
				IPHONEOS_DEPLOYMENT_TARGET = 12.1;
				MTL_ENABLE_DEBUG_INFO = INCLUDE_SOURCE;
				MTL_FAST_MATH = YES;
				ONLY_ACTIVE_ARCH = YES;
				SDKROOT = iphoneos;
				SWIFT_ACTIVE_COMPILATION_CONDITIONS = DEBUG;
				SWIFT_OPTIMIZATION_LEVEL = "-Onone";
			};
			name = Debug;
		};
		8E48774221F03386000AABBA /* Release */ = {
			isa = XCBuildConfiguration;
			buildSettings = {
				ALWAYS_SEARCH_USER_PATHS = NO;
				CLANG_ANALYZER_NONNULL = YES;
				CLANG_ANALYZER_NUMBER_OBJECT_CONVERSION = YES_AGGRESSIVE;
				CLANG_CXX_LANGUAGE_STANDARD = "gnu++14";
				CLANG_CXX_LIBRARY = "libc++";
				CLANG_ENABLE_MODULES = YES;
				CLANG_ENABLE_OBJC_ARC = YES;
				CLANG_ENABLE_OBJC_WEAK = YES;
				CLANG_WARN_BLOCK_CAPTURE_AUTORELEASING = YES;
				CLANG_WARN_BOOL_CONVERSION = YES;
				CLANG_WARN_COMMA = YES;
				CLANG_WARN_CONSTANT_CONVERSION = YES;
				CLANG_WARN_DEPRECATED_OBJC_IMPLEMENTATIONS = YES;
				CLANG_WARN_DIRECT_OBJC_ISA_USAGE = YES_ERROR;
				CLANG_WARN_DOCUMENTATION_COMMENTS = YES;
				CLANG_WARN_EMPTY_BODY = YES;
				CLANG_WARN_ENUM_CONVERSION = YES;
				CLANG_WARN_INFINITE_RECURSION = YES;
				CLANG_WARN_INT_CONVERSION = YES;
				CLANG_WARN_NON_LITERAL_NULL_CONVERSION = YES;
				CLANG_WARN_OBJC_IMPLICIT_RETAIN_SELF = YES;
				CLANG_WARN_OBJC_LITERAL_CONVERSION = YES;
				CLANG_WARN_OBJC_ROOT_CLASS = YES_ERROR;
				CLANG_WARN_RANGE_LOOP_ANALYSIS = YES;
				CLANG_WARN_STRICT_PROTOTYPES = YES;
				CLANG_WARN_SUSPICIOUS_MOVE = YES;
				CLANG_WARN_UNGUARDED_AVAILABILITY = YES_AGGRESSIVE;
				CLANG_WARN_UNREACHABLE_CODE = YES;
				CLANG_WARN__DUPLICATE_METHOD_MATCH = YES;
				CODE_SIGN_IDENTITY = "iPhone Developer";
				COPY_PHASE_STRIP = NO;
				DEBUG_INFORMATION_FORMAT = "dwarf-with-dsym";
				ENABLE_NS_ASSERTIONS = NO;
				ENABLE_STRICT_OBJC_MSGSEND = YES;
				GCC_C_LANGUAGE_STANDARD = gnu11;
				GCC_NO_COMMON_BLOCKS = YES;
				GCC_WARN_64_TO_32_BIT_CONVERSION = YES;
				GCC_WARN_ABOUT_RETURN_TYPE = YES_ERROR;
				GCC_WARN_UNDECLARED_SELECTOR = YES;
				GCC_WARN_UNINITIALIZED_AUTOS = YES_AGGRESSIVE;
				GCC_WARN_UNUSED_FUNCTION = YES;
				GCC_WARN_UNUSED_VARIABLE = YES;
				IPHONEOS_DEPLOYMENT_TARGET = 12.1;
				MTL_ENABLE_DEBUG_INFO = NO;
				MTL_FAST_MATH = YES;
				SDKROOT = iphoneos;
				SWIFT_COMPILATION_MODE = wholemodule;
				SWIFT_OPTIMIZATION_LEVEL = "-O";
				VALIDATE_PRODUCT = YES;
			};
			name = Release;
		};
		8E48774421F03386000AABBA /* Debug */ = {
			isa = XCBuildConfiguration;
			buildSettings = {
				ASSETCATALOG_COMPILER_APPICON_NAME = AppIcon;
				CODE_SIGN_STYLE = Automatic;
				DEVELOPMENT_TEAM = MW7T7K7N92;
				INFOPLIST_FILE = ytb_autoLayout/Info.plist;
				LD_RUNPATH_SEARCH_PATHS = (
					"$(inherited)",
					"@executable_path/Frameworks",
				);
				PRODUCT_BUNDLE_IDENTIFIER = "com.yongzhan.ytb-autoLayout";
				PRODUCT_NAME = "$(TARGET_NAME)";
				SWIFT_VERSION = 4.2;
				TARGETED_DEVICE_FAMILY = "1,2";
			};
			name = Debug;
		};
		8E48774521F03386000AABBA /* Release */ = {
			isa = XCBuildConfiguration;
			buildSettings = {
				ASSETCATALOG_COMPILER_APPICON_NAME = AppIcon;
				CODE_SIGN_STYLE = Automatic;
				DEVELOPMENT_TEAM = MW7T7K7N92;
				INFOPLIST_FILE = ytb_autoLayout/Info.plist;
				LD_RUNPATH_SEARCH_PATHS = (
					"$(inherited)",
					"@executable_path/Frameworks",
				);
				PRODUCT_BUNDLE_IDENTIFIER = "com.yongzhan.ytb-autoLayout";
				PRODUCT_NAME = "$(TARGET_NAME)";
				SWIFT_VERSION = 4.2;
				TARGETED_DEVICE_FAMILY = "1,2";
			};
			name = Release;
		};
/* End XCBuildConfiguration section */

/* Begin XCConfigurationList section */
		8E48772C21F03385000AABBA /* Build configuration list for PBXProject "ytb_autoLayout" */ = {
			isa = XCConfigurationList;
			buildConfigurations = (
				8E48774121F03386000AABBA /* Debug */,
				8E48774221F03386000AABBA /* Release */,
			);
			defaultConfigurationIsVisible = 0;
			defaultConfigurationName = Release;
		};
		8E48774321F03386000AABBA /* Build configuration list for PBXNativeTarget "ytb_autoLayout" */ = {
			isa = XCConfigurationList;
			buildConfigurations = (
				8E48774421F03386000AABBA /* Debug */,
				8E48774521F03386000AABBA /* Release */,
			);
			defaultConfigurationIsVisible = 0;
			defaultConfigurationName = Release;
		};
/* End XCConfigurationList section */
	};
	rootObject = 8E48772921F03385000AABBA /* Project object */;
}
