// !$*UTF8*$!
{
	archiveVersion = 1;
	classes = {
	};
	objectVersion = 50;
	objects = {

/* Begin PBXBuildFile section */
		8EA2BC4D2241CD930072B615 /* AppDelegate.swift in Sources */ = {isa = PBXBuildFile; fileRef = 8EA2BC4C2241CD930072B615 /* AppDelegate.swift */; };
		8EA2BC4F2241CD930072B615 /* HomeController.swift in Sources */ = {isa = PBXBuildFile; fileRef = 8EA2BC4E2241CD930072B615 /* HomeController.swift */; };
		8EA2BC522241CD930072B615 /* Main.storyboard in Resources */ = {isa = PBXBuildFile; fileRef = 8EA2BC502241CD930072B615 /* Main.storyboard */; };
		8EA2BC542241CD950072B615 /* Assets.xcassets in Resources */ = {isa = PBXBuildFile; fileRef = 8EA2BC532241CD950072B615 /* Assets.xcassets */; };
		8EA2BC572241CD950072B615 /* LaunchScreen.storyboard in Resources */ = {isa = PBXBuildFile; fileRef = 8EA2BC552241CD950072B615 /* LaunchScreen.storyboard */; };
		8EA2BC602241CFF90072B615 /* UIView.swift in Sources */ = {isa = PBXBuildFile; fileRef = 8EA2BC5F2241CFF90072B615 /* UIView.swift */; };
/* End PBXBuildFile section */

/* Begin PBXFileReference section */
		8EA2BC492241CD930072B615 /* ytb_segmentedcontrol.app */ = {isa = PBXFileReference; explicitFileType = wrapper.application; includeInIndex = 0; path = ytb_segmentedcontrol.app; sourceTree = BUILT_PRODUCTS_DIR; };
		8EA2BC4C2241CD930072B615 /* AppDelegate.swift */ = {isa = PBXFileReference; lastKnownFileType = sourcecode.swift; path = AppDelegate.swift; sourceTree = "<group>"; };
		8EA2BC4E2241CD930072B615 /* HomeController.swift */ = {isa = PBXFileReference; lastKnownFileType = sourcecode.swift; path = HomeController.swift; sourceTree = "<group>"; };
		8EA2BC512241CD930072B615 /* Base */ = {isa = PBXFileReference; lastKnownFileType = file.storyboard; name = Base; path = Base.lproj/Main.storyboard; sourceTree = "<group>"; };
		8EA2BC532241CD950072B615 /* Assets.xcassets */ = {isa = PBXFileReference; lastKnownFileType = folder.assetcatalog; path = Assets.xcassets; sourceTree = "<group>"; };
		8EA2BC562241CD950072B615 /* Base */ = {isa = PBXFileReference; lastKnownFileType = file.storyboard; name = Base; path = Base.lproj/LaunchScreen.storyboard; sourceTree = "<group>"; };
		8EA2BC582241CD950072B615 /* Info.plist */ = {isa = PBXFileReference; lastKnownFileType = text.plist.xml; path = Info.plist; sourceTree = "<group>"; };
		8EA2BC5F2241CFF90072B615 /* UIView.swift */ = {isa = PBXFileReference; fileEncoding = 4; lastKnownFileType = sourcecode.swift; path = UIView.swift; sourceTree = "<group>"; };
/* End PBXFileReference section */

/* Begin PBXFrameworksBuildPhase section */
		8EA2BC462241CD930072B615 /* Frameworks */ = {
			isa = PBXFrameworksBuildPhase;
			buildActionMask = 2147483647;
			files = (
			);
			runOnlyForDeploymentPostprocessing = 0;
		};
/* End PBXFrameworksBuildPhase section */

/* Begin PBXGroup section */
		8EA2BC402241CD930072B615 = {
			isa = PBXGroup;
			children = (
				8EA2BC4B2241CD930072B615 /* ytb_segmentedcontrol */,
				8EA2BC4A2241CD930072B615 /* Products */,
			);
			sourceTree = "<group>";
		};
		8EA2BC4A2241CD930072B615 /* Products */ = {
			isa = PBXGroup;
			children = (
				8EA2BC492241CD930072B615 /* ytb_segmentedcontrol.app */,
			);
			name = Products;
			sourceTree = "<group>";
		};
		8EA2BC4B2241CD930072B615 /* ytb_segmentedcontrol */ = {
			isa = PBXGroup;
			children = (
				8EA2BC5E2241CFE90072B615 /* Extension */,
				8EA2BC4C2241CD930072B615 /* AppDelegate.swift */,
				8EA2BC4E2241CD930072B615 /* HomeController.swift */,
				8EA2BC502241CD930072B615 /* Main.storyboard */,
				8EA2BC532241CD950072B615 /* Assets.xcassets */,
				8EA2BC552241CD950072B615 /* LaunchScreen.storyboard */,
				8EA2BC582241CD950072B615 /* Info.plist */,
			);
			path = ytb_segmentedcontrol;
			sourceTree = "<group>";
		};
		8EA2BC5E2241CFE90072B615 /* Extension */ = {
			isa = PBXGroup;
			children = (
				8EA2BC5F2241CFF90072B615 /* UIView.swift */,
			);
			path = Extension;
			sourceTree = "<group>";
		};
/* End PBXGroup section */

/* Begin PBXNativeTarget section */
		8EA2BC482241CD930072B615 /* ytb_segmentedcontrol */ = {
			isa = PBXNativeTarget;
			buildConfigurationList = 8EA2BC5B2241CD950072B615 /* Build configuration list for PBXNativeTarget "ytb_segmentedcontrol" */;
			buildPhases = (
				8EA2BC452241CD930072B615 /* Sources */,
				8EA2BC462241CD930072B615 /* Frameworks */,
				8EA2BC472241CD930072B615 /* Resources */,
			);
			buildRules = (
			);
			dependencies = (
			);
			name = ytb_segmentedcontrol;
			productName = ytb_segmentedcontrol;
			productReference = 8EA2BC492241CD930072B615 /* ytb_segmentedcontrol.app */;
			productType = "com.apple.product-type.application";
		};
/* End PBXNativeTarget section */

/* Begin PBXProject section */
		8EA2BC412241CD930072B615 /* Project object */ = {
			isa = PBXProject;
			attributes = {
				LastSwiftUpdateCheck = 1010;
				LastUpgradeCheck = 1010;
				ORGANIZATIONNAME = pm;
				TargetAttributes = {
					8EA2BC482241CD930072B615 = {
						CreatedOnToolsVersion = 10.1;
					};
				};
			};
			buildConfigurationList = 8EA2BC442241CD930072B615 /* Build configuration list for PBXProject "ytb_segmentedcontrol" */;
			compatibilityVersion = "Xcode 9.3";
			developmentRegion = en;
			hasScannedForEncodings = 0;
			knownRegions = (
				en,
				Base,
			);
			mainGroup = 8EA2BC402241CD930072B615;
			productRefGroup = 8EA2BC4A2241CD930072B615 /* Products */;
			projectDirPath = "";
			projectRoot = "";
			targets = (
				8EA2BC482241CD930072B615 /* ytb_segmentedcontrol */,
			);
		};
/* End PBXProject section */

/* Begin PBXResourcesBuildPhase section */
		8EA2BC472241CD930072B615 /* Resources */ = {
			isa = PBXResourcesBuildPhase;
			buildActionMask = 2147483647;
			files = (
				8EA2BC572241CD950072B615 /* LaunchScreen.storyboard in Resources */,
				8EA2BC542241CD950072B615 /* Assets.xcassets in Resources */,
				8EA2BC522241CD930072B615 /* Main.storyboard in Resources */,
			);
			runOnlyForDeploymentPostprocessing = 0;
		};
/* End PBXResourcesBuildPhase section */

/* Begin PBXSourcesBuildPhase section */
		8EA2BC452241CD930072B615 /* Sources */ = {
			isa = PBXSourcesBuildPhase;
			buildActionMask = 2147483647;
			files = (
				8EA2BC4F2241CD930072B615 /* HomeController.swift in Sources */,
				8EA2BC602241CFF90072B615 /* UIView.swift in Sources */,
				8EA2BC4D2241CD930072B615 /* AppDelegate.swift in Sources */,
			);
			runOnlyForDeploymentPostprocessing = 0;
		};
/* End PBXSourcesBuildPhase section */

/* Begin PBXVariantGroup section */
		8EA2BC502241CD930072B615 /* Main.storyboard */ = {
			isa = PBXVariantGroup;
			children = (
				8EA2BC512241CD930072B615 /* Base */,
			);
			name = Main.storyboard;
			sourceTree = "<group>";
		};
		8EA2BC552241CD950072B615 /* LaunchScreen.storyboard */ = {
			isa = PBXVariantGroup;
			children = (
				8EA2BC562241CD950072B615 /* Base */,
			);
			name = LaunchScreen.storyboard;
			sourceTree = "<group>";
		};
/* End PBXVariantGroup section */

/* Begin XCBuildConfiguration section */
		8EA2BC592241CD950072B615 /* Debug */ = {
			isa = XCBuildConfiguration;
			buildSettings = {
				ALWAYS_SEARCH_USER_PATHS = NO;
				CLANG_ANALYZER_NONNULL = YES;
				CLANG_ANALYZER_NUMBER_OBJECT_CONVERSION = YES_AGGRESSIVE;
				CLANG_CXX_LANGUAGE_STANDARD = "gnu++14";
				CLANG_CXX_LIBRARY = "libc++";
				CLANG_ENABLE_MODULES = YES;
				CLANG_ENABLE_OBJC_ARC = YES;
				CLANG_ENABLE_OBJC_WEAK = YES;
				CLANG_WARN_BLOCK_CAPTURE_AUTORELEASING = YES;
				CLANG_WARN_BOOL_CONVERSION = YES;
				CLANG_WARN_COMMA = YES;
				CLANG_WARN_CONSTANT_CONVERSION = YES;
				CLANG_WARN_DEPRECATED_OBJC_IMPLEMENTATIONS = YES;
				CLANG_WARN_DIRECT_OBJC_ISA_USAGE = YES_ERROR;
				CLANG_WARN_DOCUMENTATION_COMMENTS = YES;
				CLANG_WARN_EMPTY_BODY = YES;
				CLANG_WARN_ENUM_CONVERSION = YES;
				CLANG_WARN_INFINITE_RECURSION = YES;
				CLANG_WARN_INT_CONVERSION = YES;
				CLANG_WARN_NON_LITERAL_NULL_CONVERSION = YES;
				CLANG_WARN_OBJC_IMPLICIT_RETAIN_SELF = YES;
				CLANG_WARN_OBJC_LITERAL_CONVERSION = YES;
				CLANG_WARN_OBJC_ROOT_CLASS = YES_ERROR;
				CLANG_WARN_RANGE_LOOP_ANALYSIS = YES;
				CLANG_WARN_STRICT_PROTOTYPES = YES;
				CLANG_WARN_SUSPICIOUS_MOVE = YES;
				CLANG_WARN_UNGUARDED_AVAILABILITY = YES_AGGRESSIVE;
				CLANG_WARN_UNREACHABLE_CODE = YES;
				CLANG_WARN__DUPLICATE_METHOD_MATCH = YES;
				CODE_SIGN_IDENTITY = "iPhone Developer";
				COPY_PHASE_STRIP = NO;
				DEBUG_INFORMATION_FORMAT = dwarf;
				ENABLE_STRICT_OBJC_MSGSEND = YES;
				ENABLE_TESTABILITY = YES;
				GCC_C_LANGUAGE_STANDARD = gnu11;
				GCC_DYNAMIC_NO_PIC = NO;
				GCC_NO_COMMON_BLOCKS = YES;
				GCC_OPTIMIZATION_LEVEL = 0;
				GCC_PREPROCESSOR_DEFINITIONS = (
					"DEBUG=1",
					"$(inherited)",
				);
				GCC_WARN_64_TO_32_BIT_CONVERSION = YES;
				GCC_WARN_ABOUT_RETURN_TYPE = YES_ERROR;
				GCC_WARN_UNDECLARED_SELECTOR = YES;
				GCC_WARN_UNINITIALIZED_AUTOS = YES_AGGRESSIVE;
				GCC_WARN_UNUSED_FUNCTION = YES;
				GCC_WARN_UNUSED_VARIABLE = YES;
				IPHONEOS_DEPLOYMENT_TARGET = 12.1;
				MTL_ENABLE_DEBUG_INFO = INCLUDE_SOURCE;
				MTL_FAST_MATH = YES;
				ONLY_ACTIVE_ARCH = YES;
				SDKROOT = iphoneos;
				SWIFT_ACTIVE_COMPILATION_CONDITIONS = DEBUG;
				SWIFT_OPTIMIZATION_LEVEL = "-Onone";
			};
			name = Debug;
		};
		8EA2BC5A2241CD950072B615 /* Release */ = {
			isa = XCBuildConfiguration;
			buildSettings = {
				ALWAYS_SEARCH_USER_PATHS = NO;
				CLANG_ANALYZER_NONNULL = YES;
				CLANG_ANALYZER_NUMBER_OBJECT_CONVERSION = YES_AGGRESSIVE;
				CLANG_CXX_LANGUAGE_STANDARD = "gnu++14";
				CLANG_CXX_LIBRARY = "libc++";
				CLANG_ENABLE_MODULES = YES;
				CLANG_ENABLE_OBJC_ARC = YES;
				CLANG_ENABLE_OBJC_WEAK = YES;
				CLANG_WARN_BLOCK_CAPTURE_AUTORELEASING = YES;
				CLANG_WARN_BOOL_CONVERSION = YES;
				CLANG_WARN_COMMA = YES;
				CLANG_WARN_CONSTANT_CONVERSION = YES;
				CLANG_WARN_DEPRECATED_OBJC_IMPLEMENTATIONS = YES;
				CLANG_WARN_DIRECT_OBJC_ISA_USAGE = YES_ERROR;
				CLANG_WARN_DOCUMENTATION_COMMENTS = YES;
				CLANG_WARN_EMPTY_BODY = YES;
				CLANG_WARN_ENUM_CONVERSION = YES;
				CLANG_WARN_INFINITE_RECURSION = YES;
				CLANG_WARN_INT_CONVERSION = YES;
				CLANG_WARN_NON_LITERAL_NULL_CONVERSION = YES;
				CLANG_WARN_OBJC_IMPLICIT_RETAIN_SELF = YES;
				CLANG_WARN_OBJC_LITERAL_CONVERSION = YES;
				CLANG_WARN_OBJC_ROOT_CLASS = YES_ERROR;
				CLANG_WARN_RANGE_LOOP_ANALYSIS = YES;
				CLANG_WARN_STRICT_PROTOTYPES = YES;
				CLANG_WARN_SUSPICIOUS_MOVE = YES;
				CLANG_WARN_UNGUARDED_AVAILABILITY = YES_AGGRESSIVE;
				CLANG_WARN_UNREACHABLE_CODE = YES;
				CLANG_WARN__DUPLICATE_METHOD_MATCH = YES;
				CODE_SIGN_IDENTITY = "iPhone Developer";
				COPY_PHASE_STRIP = NO;
				DEBUG_INFORMATION_FORMAT = "dwarf-with-dsym";
				ENABLE_NS_ASSERTIONS = NO;
				ENABLE_STRICT_OBJC_MSGSEND = YES;
				GCC_C_LANGUAGE_STANDARD = gnu11;
				GCC_NO_COMMON_BLOCKS = YES;
				GCC_WARN_64_TO_32_BIT_CONVERSION = YES;
				GCC_WARN_ABOUT_RETURN_TYPE = YES_ERROR;
				GCC_WARN_UNDECLARED_SELECTOR = YES;
				GCC_WARN_UNINITIALIZED_AUTOS = YES_AGGRESSIVE;
				GCC_WARN_UNUSED_FUNCTION = YES;
				GCC_WARN_UNUSED_VARIABLE = YES;
				IPHONEOS_DEPLOYMENT_TARGET = 12.1;
				MTL_ENABLE_DEBUG_INFO = NO;
				MTL_FAST_MATH = YES;
				SDKROOT = iphoneos;
				SWIFT_COMPILATION_MODE = wholemodule;
				SWIFT_OPTIMIZATION_LEVEL = "-O";
				VALIDATE_PRODUCT = YES;
			};
			name = Release;
		};
		8EA2BC5C2241CD950072B615 /* Debug */ = {
			isa = XCBuildConfiguration;
			buildSettings = {
				ASSETCATALOG_COMPILER_APPICON_NAME = AppIcon;
				CODE_SIGN_STYLE = Automatic;
				DEVELOPMENT_TEAM = MW7T7K7N92;
				INFOPLIST_FILE = ytb_segmentedcontrol/Info.plist;
				LD_RUNPATH_SEARCH_PATHS = (
					"$(inherited)",
					"@executable_path/Frameworks",
				);
				PRODUCT_BUNDLE_IDENTIFIER = "com.yongzhan.ytb-segmentedcontrol";
				PRODUCT_NAME = "$(TARGET_NAME)";
				SWIFT_VERSION = 4.2;
				TARGETED_DEVICE_FAMILY = "1,2";
			};
			name = Debug;
		};
		8EA2BC5D2241CD950072B615 /* Release */ = {
			isa = XCBuildConfiguration;
			buildSettings = {
				ASSETCATALOG_COMPILER_APPICON_NAME = AppIcon;
				CODE_SIGN_STYLE = Automatic;
				DEVELOPMENT_TEAM = MW7T7K7N92;
				INFOPLIST_FILE = ytb_segmentedcontrol/Info.plist;
				LD_RUNPATH_SEARCH_PATHS = (
					"$(inherited)",
					"@executable_path/Frameworks",
				);
				PRODUCT_BUNDLE_IDENTIFIER = "com.yongzhan.ytb-segmentedcontrol";
				PRODUCT_NAME = "$(TARGET_NAME)";
				SWIFT_VERSION = 4.2;
				TARGETED_DEVICE_FAMILY = "1,2";
			};
			name = Release;
		};
/* End XCBuildConfiguration section */

/* Begin XCConfigurationList section */
		8EA2BC442241CD930072B615 /* Build configuration list for PBXProject "ytb_segmentedcontrol" */ = {
			isa = XCConfigurationList;
			buildConfigurations = (
				8EA2BC592241CD950072B615 /* Debug */,
				8EA2BC5A2241CD950072B615 /* Release */,
			);
			defaultConfigurationIsVisible = 0;
			defaultConfigurationName = Release;
		};
		8EA2BC5B2241CD950072B615 /* Build configuration list for PBXNativeTarget "ytb_segmentedcontrol" */ = {
			isa = XCConfigurationList;
			buildConfigurations = (
				8EA2BC5C2241CD950072B615 /* Debug */,
				8EA2BC5D2241CD950072B615 /* Release */,
			);
			defaultConfigurationIsVisible = 0;
			defaultConfigurationName = Release;
		};
/* End XCConfigurationList section */
	};
	rootObject = 8EA2BC412241CD930072B615 /* Project object */;
}
