// !$*UTF8*$!
{
	archiveVersion = 1;
	classes = {
	};
	objectVersion = 50;
	objects = {

/* Begin PBXBuildFile section */
		8EA59D0A23759D1B007796BC /* AppDelegate.swift in Sources */ = {isa = PBXBuildFile; fileRef = 8EA59D0923759D1B007796BC /* AppDelegate.swift */; };
		8EA59D0C23759D1B007796BC /* SceneDelegate.swift in Sources */ = {isa = PBXBuildFile; fileRef = 8EA59D0B23759D1B007796BC /* SceneDelegate.swift */; };
		8EA59D0E23759D1B007796BC /* ContentView.swift in Sources */ = {isa = PBXBuildFile; fileRef = 8EA59D0D23759D1B007796BC /* ContentView.swift */; };
		8EA59D1023759D1F007796BC /* Assets.xcassets in Resources */ = {isa = PBXBuildFile; fileRef = 8EA59D0F23759D1F007796BC /* Assets.xcassets */; };
		8EA59D1323759D1F007796BC /* Preview Assets.xcassets in Resources */ = {isa = PBXBuildFile; fileRef = 8EA59D1223759D1F007796BC /* Preview Assets.xcassets */; };
		8EA59D1623759D1F007796BC /* LaunchScreen.storyboard in Resources */ = {isa = PBXBuildFile; fileRef = 8EA59D1423759D1F007796BC /* LaunchScreen.storyboard */; };
/* End PBXBuildFile section */

/* Begin PBXFileReference section */
		8EA59D0623759D1B007796BC /* HVZStack.app */ = {isa = PBXFileReference; explicitFileType = wrapper.application; includeInIndex = 0; path = HVZStack.app; sourceTree = BUILT_PRODUCTS_DIR; };
		8EA59D0923759D1B007796BC /* AppDelegate.swift */ = {isa = PBXFileReference; lastKnownFileType = sourcecode.swift; path = AppDelegate.swift; sourceTree = "<group>"; };
		8EA59D0B23759D1B007796BC /* SceneDelegate.swift */ = {isa = PBXFileReference; lastKnownFileType = sourcecode.swift; path = SceneDelegate.swift; sourceTree = "<group>"; };
		8EA59D0D23759D1B007796BC /* ContentView.swift */ = {isa = PBXFileReference; lastKnownFileType = sourcecode.swift; path = ContentView.swift; sourceTree = "<group>"; };
		8EA59D0F23759D1F007796BC /* Assets.xcassets */ = {isa = PBXFileReference; lastKnownFileType = folder.assetcatalog; path = Assets.xcassets; sourceTree = "<group>"; };
		8EA59D1223759D1F007796BC /* Preview Assets.xcassets */ = {isa = PBXFileReference; lastKnownFileType = folder.assetcatalog; path = "Preview Assets.xcassets"; sourceTree = "<group>"; };
		8EA59D1523759D1F007796BC /* Base */ = {isa = PBXFileReference; lastKnownFileType = file.storyboard; name = Base; path = Base.lproj/LaunchScreen.storyboard; sourceTree = "<group>"; };
		8EA59D1723759D1F007796BC /* Info.plist */ = {isa = PBXFileReference; lastKnownFileType = text.plist.xml; path = Info.plist; sourceTree = "<group>"; };
/* End PBXFileReference section */

/* Begin PBXFrameworksBuildPhase section */
		8EA59D0323759D1B007796BC /* Frameworks */ = {
			isa = PBXFrameworksBuildPhase;
			buildActionMask = 2147483647;
			files = (
			);
			runOnlyForDeploymentPostprocessing = 0;
		};
/* End PBXFrameworksBuildPhase section */

/* Begin PBXGroup section */
		8EA59CFD23759D1B007796BC = {
			isa = PBXGroup;
			children = (
				8EA59D0823759D1B007796BC /* HVZStack */,
				8EA59D0723759D1B007796BC /* Products */,
			);
			sourceTree = "<group>";
		};
		8EA59D0723759D1B007796BC /* Products */ = {
			isa = PBXGroup;
			children = (
				8EA59D0623759D1B007796BC /* HVZStack.app */,
			);
			name = Products;
			sourceTree = "<group>";
		};
		8EA59D0823759D1B007796BC /* HVZStack */ = {
			isa = PBXGroup;
			children = (
				8EA59D0923759D1B007796BC /* AppDelegate.swift */,
				8EA59D0B23759D1B007796BC /* SceneDelegate.swift */,
				8EA59D0D23759D1B007796BC /* ContentView.swift */,
				8EA59D0F23759D1F007796BC /* Assets.xcassets */,
				8EA59D1423759D1F007796BC /* LaunchScreen.storyboard */,
				8EA59D1723759D1F007796BC /* Info.plist */,
				8EA59D1123759D1F007796BC /* Preview Content */,
			);
			path = HVZStack;
			sourceTree = "<group>";
		};
		8EA59D1123759D1F007796BC /* Preview Content */ = {
			isa = PBXGroup;
			children = (
				8EA59D1223759D1F007796BC /* Preview Assets.xcassets */,
			);
			path = "Preview Content";
			sourceTree = "<group>";
		};
/* End PBXGroup section */

/* Begin PBXNativeTarget section */
		8EA59D0523759D1B007796BC /* HVZStack */ = {
			isa = PBXNativeTarget;
			buildConfigurationList = 8EA59D1A23759D1F007796BC /* Build configuration list for PBXNativeTarget "HVZStack" */;
			buildPhases = (
				8EA59D0223759D1B007796BC /* Sources */,
				8EA59D0323759D1B007796BC /* Frameworks */,
				8EA59D0423759D1B007796BC /* Resources */,
			);
			buildRules = (
			);
			dependencies = (
			);
			name = HVZStack;
			productName = HVZStack;
			productReference = 8EA59D0623759D1B007796BC /* HVZStack.app */;
			productType = "com.apple.product-type.application";
		};
/* End PBXNativeTarget section */

/* Begin PBXProject section */
		8EA59CFE23759D1B007796BC /* Project object */ = {
			isa = PBXProject;
			attributes = {
				LastSwiftUpdateCheck = 1100;
				LastUpgradeCheck = 1100;
				ORGANIZATIONNAME = pm;
				TargetAttributes = {
					8EA59D0523759D1B007796BC = {
						CreatedOnToolsVersion = 11.0;
					};
				};
			};
			buildConfigurationList = 8EA59D0123759D1B007796BC /* Build configuration list for PBXProject "HVZStack" */;
			compatibilityVersion = "Xcode 9.3";
			developmentRegion = en;
			hasScannedForEncodings = 0;
			knownRegions = (
				en,
				Base,
			);
			mainGroup = 8EA59CFD23759D1B007796BC;
			productRefGroup = 8EA59D0723759D1B007796BC /* Products */;
			projectDirPath = "";
			projectRoot = "";
			targets = (
				8EA59D0523759D1B007796BC /* HVZStack */,
			);
		};
/* End PBXProject section */

/* Begin PBXResourcesBuildPhase section */
		8EA59D0423759D1B007796BC /* Resources */ = {
			isa = PBXResourcesBuildPhase;
			buildActionMask = 2147483647;
			files = (
				8EA59D1623759D1F007796BC /* LaunchScreen.storyboard in Resources */,
				8EA59D1323759D1F007796BC /* Preview Assets.xcassets in Resources */,
				8EA59D1023759D1F007796BC /* Assets.xcassets in Resources */,
			);
			runOnlyForDeploymentPostprocessing = 0;
		};
/* End PBXResourcesBuildPhase section */

/* Begin PBXSourcesBuildPhase section */
		8EA59D0223759D1B007796BC /* Sources */ = {
			isa = PBXSourcesBuildPhase;
			buildActionMask = 2147483647;
			files = (
				8EA59D0A23759D1B007796BC /* AppDelegate.swift in Sources */,
				8EA59D0C23759D1B007796BC /* SceneDelegate.swift in Sources */,
				8EA59D0E23759D1B007796BC /* ContentView.swift in Sources */,
			);
			runOnlyForDeploymentPostprocessing = 0;
		};
/* End PBXSourcesBuildPhase section */

/* Begin PBXVariantGroup section */
		8EA59D1423759D1F007796BC /* LaunchScreen.storyboard */ = {
			isa = PBXVariantGroup;
			children = (
				8EA59D1523759D1F007796BC /* Base */,
			);
			name = LaunchScreen.storyboard;
			sourceTree = "<group>";
		};
/* End PBXVariantGroup section */

/* Begin XCBuildConfiguration section */
		8EA59D1823759D1F007796BC /* Debug */ = {
			isa = XCBuildConfiguration;
			buildSettings = {
				ALWAYS_SEARCH_USER_PATHS = NO;
				CLANG_ANALYZER_NONNULL = YES;
				CLANG_ANALYZER_NUMBER_OBJECT_CONVERSION = YES_AGGRESSIVE;
				CLANG_CXX_LANGUAGE_STANDARD = "gnu++14";
				CLANG_CXX_LIBRARY = "libc++";
				CLANG_ENABLE_MODULES = YES;
				CLANG_ENABLE_OBJC_ARC = YES;
				CLANG_ENABLE_OBJC_WEAK = YES;
				CLANG_WARN_BLOCK_CAPTURE_AUTORELEASING = YES;
				CLANG_WARN_BOOL_CONVERSION = YES;
				CLANG_WARN_COMMA = YES;
				CLANG_WARN_CONSTANT_CONVERSION = YES;
				CLANG_WARN_DEPRECATED_OBJC_IMPLEMENTATIONS = YES;
				CLANG_WARN_DIRECT_OBJC_ISA_USAGE = YES_ERROR;
				CLANG_WARN_DOCUMENTATION_COMMENTS = YES;
				CLANG_WARN_EMPTY_BODY = YES;
				CLANG_WARN_ENUM_CONVERSION = YES;
				CLANG_WARN_INFINITE_RECURSION = YES;
				CLANG_WARN_INT_CONVERSION = YES;
				CLANG_WARN_NON_LITERAL_NULL_CONVERSION = YES;
				CLANG_WARN_OBJC_IMPLICIT_RETAIN_SELF = YES;
				CLANG_WARN_OBJC_LITERAL_CONVERSION = YES;
				CLANG_WARN_OBJC_ROOT_CLASS = YES_ERROR;
				CLANG_WARN_RANGE_LOOP_ANALYSIS = YES;
				CLANG_WARN_STRICT_PROTOTYPES = YES;
				CLANG_WARN_SUSPICIOUS_MOVE = YES;
				CLANG_WARN_UNGUARDED_AVAILABILITY = YES_AGGRESSIVE;
				CLANG_WARN_UNREACHABLE_CODE = YES;
				CLANG_WARN__DUPLICATE_METHOD_MATCH = YES;
				COPY_PHASE_STRIP = NO;
				DEBUG_INFORMATION_FORMAT = dwarf;
				ENABLE_STRICT_OBJC_MSGSEND = YES;
				ENABLE_TESTABILITY = YES;
				GCC_C_LANGUAGE_STANDARD = gnu11;
				GCC_DYNAMIC_NO_PIC = NO;
				GCC_NO_COMMON_BLOCKS = YES;
				GCC_OPTIMIZATION_LEVEL = 0;
				GCC_PREPROCESSOR_DEFINITIONS = (
					"DEBUG=1",
					"$(inherited)",
				);
				GCC_WARN_64_TO_32_BIT_CONVERSION = YES;
				GCC_WARN_ABOUT_RETURN_TYPE = YES_ERROR;
				GCC_WARN_UNDECLARED_SELECTOR = YES;
				GCC_WARN_UNINITIALIZED_AUTOS = YES_AGGRESSIVE;
				GCC_WARN_UNUSED_FUNCTION = YES;
				GCC_WARN_UNUSED_VARIABLE = YES;
				IPHONEOS_DEPLOYMENT_TARGET = 13.0;
				MTL_ENABLE_DEBUG_INFO = INCLUDE_SOURCE;
				MTL_FAST_MATH = YES;
				ONLY_ACTIVE_ARCH = YES;
				SDKROOT = iphoneos;
				SWIFT_ACTIVE_COMPILATION_CONDITIONS = DEBUG;
				SWIFT_OPTIMIZATION_LEVEL = "-Onone";
			};
			name = Debug;
		};
		8EA59D1923759D1F007796BC /* Release */ = {
			isa = XCBuildConfiguration;
			buildSettings = {
				ALWAYS_SEARCH_USER_PATHS = NO;
				CLANG_ANALYZER_NONNULL = YES;
				CLANG_ANALYZER_NUMBER_OBJECT_CONVERSION = YES_AGGRESSIVE;
				CLANG_CXX_LANGUAGE_STANDARD = "gnu++14";
				CLANG_CXX_LIBRARY = "libc++";
				CLANG_ENABLE_MODULES = YES;
				CLANG_ENABLE_OBJC_ARC = YES;
				CLANG_ENABLE_OBJC_WEAK = YES;
				CLANG_WARN_BLOCK_CAPTURE_AUTORELEASING = YES;
				CLANG_WARN_BOOL_CONVERSION = YES;
				CLANG_WARN_COMMA = YES;
				CLANG_WARN_CONSTANT_CONVERSION = YES;
				CLANG_WARN_DEPRECATED_OBJC_IMPLEMENTATIONS = YES;
				CLANG_WARN_DIRECT_OBJC_ISA_USAGE = YES_ERROR;
				CLANG_WARN_DOCUMENTATION_COMMENTS = YES;
				CLANG_WARN_EMPTY_BODY = YES;
				CLANG_WARN_ENUM_CONVERSION = YES;
				CLANG_WARN_INFINITE_RECURSION = YES;
				CLANG_WARN_INT_CONVERSION = YES;
				CLANG_WARN_NON_LITERAL_NULL_CONVERSION = YES;
				CLANG_WARN_OBJC_IMPLICIT_RETAIN_SELF = YES;
				CLANG_WARN_OBJC_LITERAL_CONVERSION = YES;
				CLANG_WARN_OBJC_ROOT_CLASS = YES_ERROR;
				CLANG_WARN_RANGE_LOOP_ANALYSIS = YES;
				CLANG_WARN_STRICT_PROTOTYPES = YES;
				CLANG_WARN_SUSPICIOUS_MOVE = YES;
				CLANG_WARN_UNGUARDED_AVAILABILITY = YES_AGGRESSIVE;
				CLANG_WARN_UNREACHABLE_CODE = YES;
				CLANG_WARN__DUPLICATE_METHOD_MATCH = YES;
				COPY_PHASE_STRIP = NO;
				DEBUG_INFORMATION_FORMAT = "dwarf-with-dsym";
				ENABLE_NS_ASSERTIONS = NO;
				ENABLE_STRICT_OBJC_MSGSEND = YES;
				GCC_C_LANGUAGE_STANDARD = gnu11;
				GCC_NO_COMMON_BLOCKS = YES;
				GCC_WARN_64_TO_32_BIT_CONVERSION = YES;
				GCC_WARN_ABOUT_RETURN_TYPE = YES_ERROR;
				GCC_WARN_UNDECLARED_SELECTOR = YES;
				GCC_WARN_UNINITIALIZED_AUTOS = YES_AGGRESSIVE;
				GCC_WARN_UNUSED_FUNCTION = YES;
				GCC_WARN_UNUSED_VARIABLE = YES;
				IPHONEOS_DEPLOYMENT_TARGET = 13.0;
				MTL_ENABLE_DEBUG_INFO = NO;
				MTL_FAST_MATH = YES;
				SDKROOT = iphoneos;
				SWIFT_COMPILATION_MODE = wholemodule;
				SWIFT_OPTIMIZATION_LEVEL = "-O";
				VALIDATE_PRODUCT = YES;
			};
			name = Release;
		};
		8EA59D1B23759D1F007796BC /* Debug */ = {
			isa = XCBuildConfiguration;
			buildSettings = {
				ASSETCATALOG_COMPILER_APPICON_NAME = AppIcon;
				CODE_SIGN_STYLE = Automatic;
				DEVELOPMENT_ASSET_PATHS = "HVZStack/Preview\\ Content";
				DEVELOPMENT_TEAM = MW7T7K7N92;
				ENABLE_PREVIEWS = YES;
				INFOPLIST_FILE = HVZStack/Info.plist;
				LD_RUNPATH_SEARCH_PATHS = (
					"$(inherited)",
					"@executable_path/Frameworks",
				);
				PRODUCT_BUNDLE_IDENTIFIER = com.yongzhan.HVZStack;
				PRODUCT_NAME = "$(TARGET_NAME)";
				SWIFT_VERSION = 5.0;
				TARGETED_DEVICE_FAMILY = "1,2";
			};
			name = Debug;
		};
		8EA59D1C23759D1F007796BC /* Release */ = {
			isa = XCBuildConfiguration;
			buildSettings = {
				ASSETCATALOG_COMPILER_APPICON_NAME = AppIcon;
				CODE_SIGN_STYLE = Automatic;
				DEVELOPMENT_ASSET_PATHS = "HVZStack/Preview\\ Content";
				DEVELOPMENT_TEAM = MW7T7K7N92;
				ENABLE_PREVIEWS = YES;
				INFOPLIST_FILE = HVZStack/Info.plist;
				LD_RUNPATH_SEARCH_PATHS = (
					"$(inherited)",
					"@executable_path/Frameworks",
				);
				PRODUCT_BUNDLE_IDENTIFIER = com.yongzhan.HVZStack;
				PRODUCT_NAME = "$(TARGET_NAME)";
				SWIFT_VERSION = 5.0;
				TARGETED_DEVICE_FAMILY = "1,2";
			};
			name = Release;
		};
/* End XCBuildConfiguration section */

/* Begin XCConfigurationList section */
		8EA59D0123759D1B007796BC /* Build configuration list for PBXProject "HVZStack" */ = {
			isa = XCConfigurationList;
			buildConfigurations = (
				8EA59D1823759D1F007796BC /* Debug */,
				8EA59D1923759D1F007796BC /* Release */,
			);
			defaultConfigurationIsVisible = 0;
			defaultConfigurationName = Release;
		};
		8EA59D1A23759D1F007796BC /* Build configuration list for PBXNativeTarget "HVZStack" */ = {
			isa = XCConfigurationList;
			buildConfigurations = (
				8EA59D1B23759D1F007796BC /* Debug */,
				8EA59D1C23759D1F007796BC /* Release */,
			);
			defaultConfigurationIsVisible = 0;
			defaultConfigurationName = Release;
		};
/* End XCConfigurationList section */
	};
	rootObject = 8EA59CFE23759D1B007796BC /* Project object */;
}
