// !$*UTF8*$!
{
	archiveVersion = 1;
	classes = {
	};
	objectVersion = 50;
	objects = {

/* Begin PBXBuildFile section */
		8E0B217321E4CA420079C81C /* AppDelegate.swift in Sources */ = {isa = PBXBuildFile; fileRef = 8E0B217221E4CA420079C81C /* AppDelegate.swift */; };
		8E0B217521E4CA420079C81C /* HomeController.swift in Sources */ = {isa = PBXBuildFile; fileRef = 8E0B217421E4CA420079C81C /* HomeController.swift */; };
		8E0B217821E4CA420079C81C /* Main.storyboard in Resources */ = {isa = PBXBuildFile; fileRef = 8E0B217621E4CA420079C81C /* Main.storyboard */; };
		8E0B217A21E4CA440079C81C /* Assets.xcassets in Resources */ = {isa = PBXBuildFile; fileRef = 8E0B217921E4CA440079C81C /* Assets.xcassets */; };
		8E0B217D21E4CA440079C81C /* LaunchScreen.storyboard in Resources */ = {isa = PBXBuildFile; fileRef = 8E0B217B21E4CA440079C81C /* LaunchScreen.storyboard */; };
		8E0B218521E4DA2F0079C81C /* MenuController.swift in Sources */ = {isa = PBXBuildFile; fileRef = 8E0B218421E4DA2F0079C81C /* MenuController.swift */; };
		8E0B218921EAE7650079C81C /* BaseslidingController.swift in Sources */ = {isa = PBXBuildFile; fileRef = 8E0B218821EAE7650079C81C /* BaseslidingController.swift */; };
		8E0B218C21EB45E70079C81C /* CustomMenuHeaderView.swift in Sources */ = {isa = PBXBuildFile; fileRef = 8E0B218B21EB45E70079C81C /* CustomMenuHeaderView.swift */; };
		8E0B218E21EB4B7B0079C81C /* SpacerView.swift in Sources */ = {isa = PBXBuildFile; fileRef = 8E0B218D21EB4B7B0079C81C /* SpacerView.swift */; };
		8E0B219021EB57C80079C81C /* ProfileImageView.swift in Sources */ = {isa = PBXBuildFile; fileRef = 8E0B218F21EB57C80079C81C /* ProfileImageView.swift */; };
		8E0B219221EB8A7D0079C81C /* MenuItemCell.swift in Sources */ = {isa = PBXBuildFile; fileRef = 8E0B219121EB8A7D0079C81C /* MenuItemCell.swift */; };
		8E48AE0E21ED7DFD0004487B /* ProfileController.swift in Sources */ = {isa = PBXBuildFile; fileRef = 8E48AE0D21ED7DFD0004487B /* ProfileController.swift */; };
		8E48AE1021ED83340004487B /* ListController.swift in Sources */ = {isa = PBXBuildFile; fileRef = 8E48AE0F21ED83340004487B /* ListController.swift */; };
		8E48AE1221EDAA550004487B /* VideoController.swift in Sources */ = {isa = PBXBuildFile; fileRef = 8E48AE1121EDAA550004487B /* VideoController.swift */; };
		8E48AE1421EDB1390004487B /* PhotoController.swift in Sources */ = {isa = PBXBuildFile; fileRef = 8E48AE1321EDB1390004487B /* PhotoController.swift */; };
		8E48AE1621EDE5490004487B /* ChatRoomMenuController.swift in Sources */ = {isa = PBXBuildFile; fileRef = 8E48AE1521EDE5490004487B /* ChatRoomMenuController.swift */; };
		8E48AE1821EDE9AE0004487B /* ChatMenuItemCell.swift in Sources */ = {isa = PBXBuildFile; fileRef = 8E48AE1721EDE9AE0004487B /* ChatMenuItemCell.swift */; };
		8E48AE1E21EDF1960004487B /* Extensions+UIView.swift in Sources */ = {isa = PBXBuildFile; fileRef = 8E48AE1C21EDEB1E0004487B /* Extensions+UIView.swift */; };
		8E48AE2221EF666B0004487B /* ChatRoomMenuContainerController.swift in Sources */ = {isa = PBXBuildFile; fileRef = 8E48AE2121EF666B0004487B /* ChatRoomMenuContainerController.swift */; };
		8E48AE2421EF808D0004487B /* SearchContainerView.swift in Sources */ = {isa = PBXBuildFile; fileRef = 8E48AE2321EF808D0004487B /* SearchContainerView.swift */; };
/* End PBXBuildFile section */

/* Begin PBXFileReference section */
		8E0B216F21E4CA420079C81C /* ytb_twitterSlider.app */ = {isa = PBXFileReference; explicitFileType = wrapper.application; includeInIndex = 0; path = ytb_twitterSlider.app; sourceTree = BUILT_PRODUCTS_DIR; };
		8E0B217221E4CA420079C81C /* AppDelegate.swift */ = {isa = PBXFileReference; lastKnownFileType = sourcecode.swift; path = AppDelegate.swift; sourceTree = "<group>"; };
		8E0B217421E4CA420079C81C /* HomeController.swift */ = {isa = PBXFileReference; lastKnownFileType = sourcecode.swift; path = HomeController.swift; sourceTree = "<group>"; };
		8E0B217721E4CA420079C81C /* Base */ = {isa = PBXFileReference; lastKnownFileType = file.storyboard; name = Base; path = Base.lproj/Main.storyboard; sourceTree = "<group>"; };
		8E0B217921E4CA440079C81C /* Assets.xcassets */ = {isa = PBXFileReference; lastKnownFileType = folder.assetcatalog; path = Assets.xcassets; sourceTree = "<group>"; };
		8E0B217C21E4CA440079C81C /* Base */ = {isa = PBXFileReference; lastKnownFileType = file.storyboard; name = Base; path = Base.lproj/LaunchScreen.storyboard; sourceTree = "<group>"; };
		8E0B217E21E4CA440079C81C /* Info.plist */ = {isa = PBXFileReference; lastKnownFileType = text.plist.xml; path = Info.plist; sourceTree = "<group>"; };
		8E0B218421E4DA2F0079C81C /* MenuController.swift */ = {isa = PBXFileReference; lastKnownFileType = sourcecode.swift; path = MenuController.swift; sourceTree = "<group>"; };
		8E0B218821EAE7650079C81C /* BaseslidingController.swift */ = {isa = PBXFileReference; lastKnownFileType = sourcecode.swift; path = BaseslidingController.swift; sourceTree = "<group>"; };
		8E0B218B21EB45E70079C81C /* CustomMenuHeaderView.swift */ = {isa = PBXFileReference; lastKnownFileType = sourcecode.swift; path = CustomMenuHeaderView.swift; sourceTree = "<group>"; };
		8E0B218D21EB4B7B0079C81C /* SpacerView.swift */ = {isa = PBXFileReference; lastKnownFileType = sourcecode.swift; path = SpacerView.swift; sourceTree = "<group>"; };
		8E0B218F21EB57C80079C81C /* ProfileImageView.swift */ = {isa = PBXFileReference; lastKnownFileType = sourcecode.swift; path = ProfileImageView.swift; sourceTree = "<group>"; };
		8E0B219121EB8A7D0079C81C /* MenuItemCell.swift */ = {isa = PBXFileReference; lastKnownFileType = sourcecode.swift; path = MenuItemCell.swift; sourceTree = "<group>"; };
		8E48AE0D21ED7DFD0004487B /* ProfileController.swift */ = {isa = PBXFileReference; lastKnownFileType = sourcecode.swift; path = ProfileController.swift; sourceTree = "<group>"; };
		8E48AE0F21ED83340004487B /* ListController.swift */ = {isa = PBXFileReference; lastKnownFileType = sourcecode.swift; path = ListController.swift; sourceTree = "<group>"; };
		8E48AE1121EDAA550004487B /* VideoController.swift */ = {isa = PBXFileReference; lastKnownFileType = sourcecode.swift; path = VideoController.swift; sourceTree = "<group>"; };
		8E48AE1321EDB1390004487B /* PhotoController.swift */ = {isa = PBXFileReference; lastKnownFileType = sourcecode.swift; path = PhotoController.swift; sourceTree = "<group>"; };
		8E48AE1521EDE5490004487B /* ChatRoomMenuController.swift */ = {isa = PBXFileReference; lastKnownFileType = sourcecode.swift; path = ChatRoomMenuController.swift; sourceTree = "<group>"; };
		8E48AE1721EDE9AE0004487B /* ChatMenuItemCell.swift */ = {isa = PBXFileReference; lastKnownFileType = sourcecode.swift; path = ChatMenuItemCell.swift; sourceTree = "<group>"; };
		8E48AE1C21EDEB1E0004487B /* Extensions+UIView.swift */ = {isa = PBXFileReference; lastKnownFileType = sourcecode.swift; path = "Extensions+UIView.swift"; sourceTree = "<group>"; };
		8E48AE2121EF666B0004487B /* ChatRoomMenuContainerController.swift */ = {isa = PBXFileReference; lastKnownFileType = sourcecode.swift; path = ChatRoomMenuContainerController.swift; sourceTree = "<group>"; };
		8E48AE2321EF808D0004487B /* SearchContainerView.swift */ = {isa = PBXFileReference; lastKnownFileType = sourcecode.swift; path = SearchContainerView.swift; sourceTree = "<group>"; };
/* End PBXFileReference section */

/* Begin PBXFrameworksBuildPhase section */
		8E0B216C21E4CA420079C81C /* Frameworks */ = {
			isa = PBXFrameworksBuildPhase;
			buildActionMask = 2147483647;
			files = (
			);
			runOnlyForDeploymentPostprocessing = 0;
		};
/* End PBXFrameworksBuildPhase section */

/* Begin PBXGroup section */
		8E0B216621E4CA420079C81C = {
			isa = PBXGroup;
			children = (
				8E0B217121E4CA420079C81C /* ytb_twitterSlider */,
				8E0B217021E4CA420079C81C /* Products */,
			);
			sourceTree = "<group>";
		};
		8E0B217021E4CA420079C81C /* Products */ = {
			isa = PBXGroup;
			children = (
				8E0B216F21E4CA420079C81C /* ytb_twitterSlider.app */,
			);
			name = Products;
			sourceTree = "<group>";
		};
		8E0B217121E4CA420079C81C /* ytb_twitterSlider */ = {
			isa = PBXGroup;
			children = (
				8E48AE1B21EDEB0B0004487B /* Extension */,
				8E0B218A21EB45930079C81C /* View */,
				8E0B218621E4DA350079C81C /* Controller */,
				8E0B217221E4CA420079C81C /* AppDelegate.swift */,
				8E0B217621E4CA420079C81C /* Main.storyboard */,
				8E0B217921E4CA440079C81C /* Assets.xcassets */,
				8E0B217B21E4CA440079C81C /* LaunchScreen.storyboard */,
				8E0B217E21E4CA440079C81C /* Info.plist */,
			);
			path = ytb_twitterSlider;
			sourceTree = "<group>";
		};
		8E0B218621E4DA350079C81C /* Controller */ = {
			isa = PBXGroup;
			children = (
				8E0B218721EAE70D0079C81C /* Base */,
				8E0B217421E4CA420079C81C /* HomeController.swift */,
				8E0B218421E4DA2F0079C81C /* MenuController.swift */,
				8E48AE0D21ED7DFD0004487B /* ProfileController.swift */,
				8E48AE0F21ED83340004487B /* ListController.swift */,
				8E48AE1121EDAA550004487B /* VideoController.swift */,
				8E48AE1321EDB1390004487B /* PhotoController.swift */,
				8E48AE2121EF666B0004487B /* ChatRoomMenuContainerController.swift */,
				8E48AE1521EDE5490004487B /* ChatRoomMenuController.swift */,
			);
			path = Controller;
			sourceTree = "<group>";
		};
		8E0B218721EAE70D0079C81C /* Base */ = {
			isa = PBXGroup;
			children = (
				8E0B218821EAE7650079C81C /* BaseslidingController.swift */,
			);
			path = Base;
			sourceTree = "<group>";
		};
		8E0B218A21EB45930079C81C /* View */ = {
			isa = PBXGroup;
			children = (
				8E0B218B21EB45E70079C81C /* CustomMenuHeaderView.swift */,
				8E0B218D21EB4B7B0079C81C /* SpacerView.swift */,
				8E48AE1C21EDEB1E0004487B /* Extensions+UIView.swift */,
				8E0B218F21EB57C80079C81C /* ProfileImageView.swift */,
				8E0B219121EB8A7D0079C81C /* MenuItemCell.swift */,
				8E48AE1721EDE9AE0004487B /* ChatMenuItemCell.swift */,
				8E48AE2321EF808D0004487B /* SearchContainerView.swift */,
			);
			path = View;
			sourceTree = "<group>";
		};
		8E48AE1B21EDEB0B0004487B /* Extension */ = {
			isa = PBXGroup;
			children = (
			);
			path = Extension;
			sourceTree = "<group>";
		};
/* End PBXGroup section */

/* Begin PBXNativeTarget section */
		8E0B216E21E4CA420079C81C /* ytb_twitterSlider */ = {
			isa = PBXNativeTarget;
			buildConfigurationList = 8E0B218121E4CA440079C81C /* Build configuration list for PBXNativeTarget "ytb_twitterSlider" */;
			buildPhases = (
				8E0B216B21E4CA420079C81C /* Sources */,
				8E0B216C21E4CA420079C81C /* Frameworks */,
				8E0B216D21E4CA420079C81C /* Resources */,
			);
			buildRules = (
			);
			dependencies = (
			);
			name = ytb_twitterSlider;
			productName = ytb_twitterSlider;
			productReference = 8E0B216F21E4CA420079C81C /* ytb_twitterSlider.app */;
			productType = "com.apple.product-type.application";
		};
/* End PBXNativeTarget section */

/* Begin PBXProject section */
		8E0B216721E4CA420079C81C /* Project object */ = {
			isa = PBXProject;
			attributes = {
				LastSwiftUpdateCheck = 1010;
				LastUpgradeCheck = 1010;
				ORGANIZATIONNAME = pm;
				TargetAttributes = {
					8E0B216E21E4CA420079C81C = {
						CreatedOnToolsVersion = 10.1;
					};
				};
			};
			buildConfigurationList = 8E0B216A21E4CA420079C81C /* Build configuration list for PBXProject "ytb_twitterSlider" */;
			compatibilityVersion = "Xcode 9.3";
			developmentRegion = en;
			hasScannedForEncodings = 0;
			knownRegions = (
				en,
				Base,
			);
			mainGroup = 8E0B216621E4CA420079C81C;
			productRefGroup = 8E0B217021E4CA420079C81C /* Products */;
			projectDirPath = "";
			projectRoot = "";
			targets = (
				8E0B216E21E4CA420079C81C /* ytb_twitterSlider */,
			);
		};
/* End PBXProject section */

/* Begin PBXResourcesBuildPhase section */
		8E0B216D21E4CA420079C81C /* Resources */ = {
			isa = PBXResourcesBuildPhase;
			buildActionMask = 2147483647;
			files = (
				8E0B217D21E4CA440079C81C /* LaunchScreen.storyboard in Resources */,
				8E0B217A21E4CA440079C81C /* Assets.xcassets in Resources */,
				8E0B217821E4CA420079C81C /* Main.storyboard in Resources */,
			);
			runOnlyForDeploymentPostprocessing = 0;
		};
/* End PBXResourcesBuildPhase section */

/* Begin PBXSourcesBuildPhase section */
		8E0B216B21E4CA420079C81C /* Sources */ = {
			isa = PBXSourcesBuildPhase;
			buildActionMask = 2147483647;
			files = (
				8E0B217521E4CA420079C81C /* HomeController.swift in Sources */,
				8E48AE1821EDE9AE0004487B /* ChatMenuItemCell.swift in Sources */,
				8E48AE1021ED83340004487B /* ListController.swift in Sources */,
				8E0B219221EB8A7D0079C81C /* MenuItemCell.swift in Sources */,
				8E0B219021EB57C80079C81C /* ProfileImageView.swift in Sources */,
				8E48AE1221EDAA550004487B /* VideoController.swift in Sources */,
				8E0B218521E4DA2F0079C81C /* MenuController.swift in Sources */,
				8E48AE1421EDB1390004487B /* PhotoController.swift in Sources */,
				8E0B218E21EB4B7B0079C81C /* SpacerView.swift in Sources */,
				8E48AE2221EF666B0004487B /* ChatRoomMenuContainerController.swift in Sources */,
				8E48AE2421EF808D0004487B /* SearchContainerView.swift in Sources */,
				8E48AE0E21ED7DFD0004487B /* ProfileController.swift in Sources */,
				8E0B218C21EB45E70079C81C /* CustomMenuHeaderView.swift in Sources */,
				8E0B217321E4CA420079C81C /* AppDelegate.swift in Sources */,
				8E48AE1621EDE5490004487B /* ChatRoomMenuController.swift in Sources */,
				8E0B218921EAE7650079C81C /* BaseslidingController.swift in Sources */,
				8E48AE1E21EDF1960004487B /* Extensions+UIView.swift in Sources */,
			);
			runOnlyForDeploymentPostprocessing = 0;
		};
/* End PBXSourcesBuildPhase section */

/* Begin PBXVariantGroup section */
		8E0B217621E4CA420079C81C /* Main.storyboard */ = {
			isa = PBXVariantGroup;
			children = (
				8E0B217721E4CA420079C81C /* Base */,
			);
			name = Main.storyboard;
			sourceTree = "<group>";
		};
		8E0B217B21E4CA440079C81C /* LaunchScreen.storyboard */ = {
			isa = PBXVariantGroup;
			children = (
				8E0B217C21E4CA440079C81C /* Base */,
			);
			name = LaunchScreen.storyboard;
			sourceTree = "<group>";
		};
/* End PBXVariantGroup section */

/* Begin XCBuildConfiguration section */
		8E0B217F21E4CA440079C81C /* Debug */ = {
			isa = XCBuildConfiguration;
			buildSettings = {
				ALWAYS_SEARCH_USER_PATHS = NO;
				CLANG_ANALYZER_NONNULL = YES;
				CLANG_ANALYZER_NUMBER_OBJECT_CONVERSION = YES_AGGRESSIVE;
				CLANG_CXX_LANGUAGE_STANDARD = "gnu++14";
				CLANG_CXX_LIBRARY = "libc++";
				CLANG_ENABLE_MODULES = YES;
				CLANG_ENABLE_OBJC_ARC = YES;
				CLANG_ENABLE_OBJC_WEAK = YES;
				CLANG_WARN_BLOCK_CAPTURE_AUTORELEASING = YES;
				CLANG_WARN_BOOL_CONVERSION = YES;
				CLANG_WARN_COMMA = YES;
				CLANG_WARN_CONSTANT_CONVERSION = YES;
				CLANG_WARN_DEPRECATED_OBJC_IMPLEMENTATIONS = YES;
				CLANG_WARN_DIRECT_OBJC_ISA_USAGE = YES_ERROR;
				CLANG_WARN_DOCUMENTATION_COMMENTS = YES;
				CLANG_WARN_EMPTY_BODY = YES;
				CLANG_WARN_ENUM_CONVERSION = YES;
				CLANG_WARN_INFINITE_RECURSION = YES;
				CLANG_WARN_INT_CONVERSION = YES;
				CLANG_WARN_NON_LITERAL_NULL_CONVERSION = YES;
				CLANG_WARN_OBJC_IMPLICIT_RETAIN_SELF = YES;
				CLANG_WARN_OBJC_LITERAL_CONVERSION = YES;
				CLANG_WARN_OBJC_ROOT_CLASS = YES_ERROR;
				CLANG_WARN_RANGE_LOOP_ANALYSIS = YES;
				CLANG_WARN_STRICT_PROTOTYPES = YES;
				CLANG_WARN_SUSPICIOUS_MOVE = YES;
				CLANG_WARN_UNGUARDED_AVAILABILITY = YES_AGGRESSIVE;
				CLANG_WARN_UNREACHABLE_CODE = YES;
				CLANG_WARN__DUPLICATE_METHOD_MATCH = YES;
				CODE_SIGN_IDENTITY = "iPhone Developer";
				COPY_PHASE_STRIP = NO;
				DEBUG_INFORMATION_FORMAT = dwarf;
				ENABLE_STRICT_OBJC_MSGSEND = YES;
				ENABLE_TESTABILITY = YES;
				GCC_C_LANGUAGE_STANDARD = gnu11;
				GCC_DYNAMIC_NO_PIC = NO;
				GCC_NO_COMMON_BLOCKS = YES;
				GCC_OPTIMIZATION_LEVEL = 0;
				GCC_PREPROCESSOR_DEFINITIONS = (
					"DEBUG=1",
					"$(inherited)",
				);
				GCC_WARN_64_TO_32_BIT_CONVERSION = YES;
				GCC_WARN_ABOUT_RETURN_TYPE = YES_ERROR;
				GCC_WARN_UNDECLARED_SELECTOR = YES;
				GCC_WARN_UNINITIALIZED_AUTOS = YES_AGGRESSIVE;
				GCC_WARN_UNUSED_FUNCTION = YES;
				GCC_WARN_UNUSED_VARIABLE = YES;
				IPHONEOS_DEPLOYMENT_TARGET = 12.1;
				MTL_ENABLE_DEBUG_INFO = INCLUDE_SOURCE;
				MTL_FAST_MATH = YES;
				ONLY_ACTIVE_ARCH = YES;
				SDKROOT = iphoneos;
				SWIFT_ACTIVE_COMPILATION_CONDITIONS = DEBUG;
				SWIFT_OPTIMIZATION_LEVEL = "-Onone";
			};
			name = Debug;
		};
		8E0B218021E4CA440079C81C /* Release */ = {
			isa = XCBuildConfiguration;
			buildSettings = {
				ALWAYS_SEARCH_USER_PATHS = NO;
				CLANG_ANALYZER_NONNULL = YES;
				CLANG_ANALYZER_NUMBER_OBJECT_CONVERSION = YES_AGGRESSIVE;
				CLANG_CXX_LANGUAGE_STANDARD = "gnu++14";
				CLANG_CXX_LIBRARY = "libc++";
				CLANG_ENABLE_MODULES = YES;
				CLANG_ENABLE_OBJC_ARC = YES;
				CLANG_ENABLE_OBJC_WEAK = YES;
				CLANG_WARN_BLOCK_CAPTURE_AUTORELEASING = YES;
				CLANG_WARN_BOOL_CONVERSION = YES;
				CLANG_WARN_COMMA = YES;
				CLANG_WARN_CONSTANT_CONVERSION = YES;
				CLANG_WARN_DEPRECATED_OBJC_IMPLEMENTATIONS = YES;
				CLANG_WARN_DIRECT_OBJC_ISA_USAGE = YES_ERROR;
				CLANG_WARN_DOCUMENTATION_COMMENTS = YES;
				CLANG_WARN_EMPTY_BODY = YES;
				CLANG_WARN_ENUM_CONVERSION = YES;
				CLANG_WARN_INFINITE_RECURSION = YES;
				CLANG_WARN_INT_CONVERSION = YES;
				CLANG_WARN_NON_LITERAL_NULL_CONVERSION = YES;
				CLANG_WARN_OBJC_IMPLICIT_RETAIN_SELF = YES;
				CLANG_WARN_OBJC_LITERAL_CONVERSION = YES;
				CLANG_WARN_OBJC_ROOT_CLASS = YES_ERROR;
				CLANG_WARN_RANGE_LOOP_ANALYSIS = YES;
				CLANG_WARN_STRICT_PROTOTYPES = YES;
				CLANG_WARN_SUSPICIOUS_MOVE = YES;
				CLANG_WARN_UNGUARDED_AVAILABILITY = YES_AGGRESSIVE;
				CLANG_WARN_UNREACHABLE_CODE = YES;
				CLANG_WARN__DUPLICATE_METHOD_MATCH = YES;
				CODE_SIGN_IDENTITY = "iPhone Developer";
				COPY_PHASE_STRIP = NO;
				DEBUG_INFORMATION_FORMAT = "dwarf-with-dsym";
				ENABLE_NS_ASSERTIONS = NO;
				ENABLE_STRICT_OBJC_MSGSEND = YES;
				GCC_C_LANGUAGE_STANDARD = gnu11;
				GCC_NO_COMMON_BLOCKS = YES;
				GCC_WARN_64_TO_32_BIT_CONVERSION = YES;
				GCC_WARN_ABOUT_RETURN_TYPE = YES_ERROR;
				GCC_WARN_UNDECLARED_SELECTOR = YES;
				GCC_WARN_UNINITIALIZED_AUTOS = YES_AGGRESSIVE;
				GCC_WARN_UNUSED_FUNCTION = YES;
				GCC_WARN_UNUSED_VARIABLE = YES;
				IPHONEOS_DEPLOYMENT_TARGET = 12.1;
				MTL_ENABLE_DEBUG_INFO = NO;
				MTL_FAST_MATH = YES;
				SDKROOT = iphoneos;
				SWIFT_COMPILATION_MODE = wholemodule;
				SWIFT_OPTIMIZATION_LEVEL = "-O";
				VALIDATE_PRODUCT = YES;
			};
			name = Release;
		};
		8E0B218221E4CA440079C81C /* Debug */ = {
			isa = XCBuildConfiguration;
			buildSettings = {
				ASSETCATALOG_COMPILER_APPICON_NAME = AppIcon;
				CODE_SIGN_STYLE = Automatic;
				DEVELOPMENT_TEAM = MW7T7K7N92;
				INFOPLIST_FILE = ytb_twitterSlider/Info.plist;
				LD_RUNPATH_SEARCH_PATHS = (
					"$(inherited)",
					"@executable_path/Frameworks",
				);
				PRODUCT_BUNDLE_IDENTIFIER = "com.yongzhan.ytb-twitterSlider";
				PRODUCT_NAME = "$(TARGET_NAME)";
				SWIFT_VERSION = 4.2;
				TARGETED_DEVICE_FAMILY = "1,2";
			};
			name = Debug;
		};
		8E0B218321E4CA440079C81C /* Release */ = {
			isa = XCBuildConfiguration;
			buildSettings = {
				ASSETCATALOG_COMPILER_APPICON_NAME = AppIcon;
				CODE_SIGN_STYLE = Automatic;
				DEVELOPMENT_TEAM = MW7T7K7N92;
				INFOPLIST_FILE = ytb_twitterSlider/Info.plist;
				LD_RUNPATH_SEARCH_PATHS = (
					"$(inherited)",
					"@executable_path/Frameworks",
				);
				PRODUCT_BUNDLE_IDENTIFIER = "com.yongzhan.ytb-twitterSlider";
				PRODUCT_NAME = "$(TARGET_NAME)";
				SWIFT_VERSION = 4.2;
				TARGETED_DEVICE_FAMILY = "1,2";
			};
			name = Release;
		};
/* End XCBuildConfiguration section */

/* Begin XCConfigurationList section */
		8E0B216A21E4CA420079C81C /* Build configuration list for PBXProject "ytb_twitterSlider" */ = {
			isa = XCConfigurationList;
			buildConfigurations = (
				8E0B217F21E4CA440079C81C /* Debug */,
				8E0B218021E4CA440079C81C /* Release */,
			);
			defaultConfigurationIsVisible = 0;
			defaultConfigurationName = Release;
		};
		8E0B218121E4CA440079C81C /* Build configuration list for PBXNativeTarget "ytb_twitterSlider" */ = {
			isa = XCConfigurationList;
			buildConfigurations = (
				8E0B218221E4CA440079C81C /* Debug */,
				8E0B218321E4CA440079C81C /* Release */,
			);
			defaultConfigurationIsVisible = 0;
			defaultConfigurationName = Release;
		};
/* End XCConfigurationList section */
	};
	rootObject = 8E0B216721E4CA420079C81C /* Project object */;
}
